<?xml version="1.0" encoding="utf-8"?>
<Project ToolsVersion="4.0" xmlns="http://schemas.microsoft.com/developer/msbuild/2003">
  <ItemGroup>
    <Filter Include="Header Files">
      <UniqueIdentifier>{16385773-49f8-4efb-b433-c1f1f5bf2a8a}</UniqueIdentifier>
      <Extensions>h;hpp;hxx;hm;inl;fi;fd</Extensions>
    </Filter>
    <Filter Include="Header Files\Windows">
      <UniqueIdentifier>{78bcef5c-d1c4-483c-8b0f-2a2e6af26372}</UniqueIdentifier>
    </Filter>
    <Filter Include="Resource Files">
      <UniqueIdentifier>{6cf6b53f-5ec8-4189-9f4e-1d0f6a6a6af5}</UniqueIdentifier>
      <Extensions>ico;cur;bmp;dlg;rc2;rct;bin;cnt;rtf;gif;jpg;jpeg;jpe</Extensions>
    </Filter>
    <Filter Include="Supporting code">
      <UniqueIdentifier>{4db92b37-be71-4e55-bbb9-8350fe00d4f5}</UniqueIdentifier>
    </Filter>
    <Filter Include="Header Files\AE">
      <UniqueIdentifier>{add0969b-84df-4368-b474-45124bd87f8e}</UniqueIdentifier>
    </Filter>
    <Filter Include="Header Files\Fs">
      <UniqueIdentifier>{c6c2a423-9c78-4ad3-b260-6fd9bb5f708c}</UniqueIdentifier>
    </Filter>
    <Filter Include="Supporting code\AE">
      <UniqueIdentifier>{06ed1df7-34f4-4cdc-af46-7bbd436a1821}</UniqueIdentifier>
    </Filter>
    <Filter Include="Supporting code\Fs">
      <UniqueIdentifier>{a40541e5-2ac3-4f44-b00a-272e4113deef}</UniqueIdentifier>
    </Filter>
  </ItemGroup>
  <ItemGroup>
    <ClInclude Include="..\..\..\..\..\..\..\..\..\devstudio\Include\BASETSD.H">
      <Filter>Header Files\Windows</Filter>
    </ClInclude>
    <ClInclude Include="..\..\..\..\..\..\..\..\..\Program Files\Microsoft Visual Studio\VC98\Include\BASETSD.H">
      <Filter>Header Files\Windows</Filter>
    </ClInclude>
    <ClInclude Include="..\..\..\Headers\A.h">
      <Filter>Header Files\AE</Filter>
    </ClInclude>
    <ClInclude Include="..\..\..\Headers\AE_Effect.h">
      <Filter>Header Files\AE</Filter>
    </ClInclude>
    <ClInclude Include="..\..\..\Headers\AE_EffectCB.h">
      <Filter>Header Files\AE</Filter>
    </ClInclude>
    <ClInclude Include="..\..\..\Headers\AE_EffectCBSuites.h">
      <Filter>Header Files\AE</Filter>
    </ClInclude>
    <ClInclude Include="..\..\..\Headers\AE_EffectSuites.h">
      <Filter>Header Files\AE</Filter>
    </ClInclude>
    <ClInclude Include="..\..\..\Util\AE_EffectSuitesHelper.h">
      <Filter>Header Files\AE</Filter>
    </ClInclude>
    <ClInclude Include="..\..\..\Headers\AE_EffectUI.h">
      <Filter>Header Files\AE</Filter>
    </ClInclude>
    <ClInclude Include="..\..\..\Headers\AE_GeneralPlug.h">
      <Filter>Header Files\AE</Filter>
    </ClInclude>
    <ClInclude Include="..\..\..\Headers\AE_GeneralPlugOld.h">
      <Filter>Header Files\AE</Filter>
    </ClInclude>
    <ClInclude Include="..\..\..\Headers\AE_IO.h">
      <Filter>Header Files\AE</Filter>
    </ClInclude>
    <ClInclude Include="..\..\..\Headers\AE_Macros.h">
      <Filter>Header Files\AE</Filter>
    </ClInclude>
    <ClInclude Include="..\..\..\Util\AEGP_SuiteHandler.h">
      <Filter>Header Files\AE</Filter>
    </ClInclude>
    <ClInclude Include="..\..\..\Util\entry.h">
      <Filter>Header Files\AE</Filter>
    </ClInclude>
    <ClInclude Include="..\..\..\Headers\FIEL_Public.h">
      <Filter>Header Files\AE</Filter>
    </ClInclude>
    <ClInclude Include="..\..\..\Util\Param_Utils.h">
      <Filter>Header Files\AE</Filter>
    </ClInclude>
    <ClInclude Include="..\..\..\Headers\PF_Masks.h">
      <Filter>Header Files\AE</Filter>
    </ClInclude>
    <ClInclude Include="..\..\..\Headers\PR_Public.h">
      <Filter>Header Files\AE</Filter>
    </ClInclude>
    <ClInclude Include="..\..\..\Headers\PrSDKAESupport.h">
      <Filter>Header Files\AE</Filter>
    </ClInclude>
    <ClInclude Include="..\..\..\Headers\PrSDKAEUI.h">
      <Filter>Header Files\AE</Filter>
    </ClInclude>
    <ClInclude Include="..\..\..\Headers\PrSDKPixelFormat.h">
      <Filter>Header Files\AE</Filter>
    </ClInclude>
    <ClInclude Include="..\..\..\Headers\PT_Public.h">
      <Filter>Header Files\AE</Filter>
    </ClInclude>
    <ClInclude Include="..\..\..\Util\AEFX_SuiteHelper.h">
      <Filter>Header Files\AE</Filter>
    </ClInclude>
    <ClInclude Include="..\..\..\Util\Smart_Utils.h">
      <Filter>Header Files\AE</Filter>
    </ClInclude>
    <ClInclude Include="..\..\..\Util\String_Utils.h">
      <Filter>Header Files\AE</Filter>
    </ClInclude>
    <ClInclude Include="..\..\FsLibrary\FsAE.h">
      <Filter>Header Files\Fs</Filter>
    </ClInclude>
    <ClInclude Include="..\..\FsLibrary\FsUtils.h">
      <Filter>Header Files\Fs</Filter>
    </ClInclude>
    <ClInclude Include="..\..\FsLibrary\FsGraphics.h">
      <Filter>Header Files\Fs</Filter>
    </ClInclude>
    <ClInclude Include="..\PaintMultPoint.h">
      <Filter>Header Files</Filter>
    </ClInclude>
    <ClInclude Include="..\Fs_Target.h">
      <Filter>Header Files</Filter>
    </ClInclude>
  </ItemGroup>
  <ItemGroup>
    <ClCompile Include="..\..\..\Util\AEFX_SuiteHelper.c">
      <Filter>Supporting code\AE</Filter>
    </ClCompile>
    <ClCompile Include="..\..\..\Util\AEGP_SuiteHandler.cpp">
      <Filter>Supporting code\AE</Filter>
    </ClCompile>
    <ClCompile Include="..\..\..\Util\Smart_Utils.cpp">
      <Filter>Supporting code\AE</Filter>
    </ClCompile>
    <ClCompile Include="..\..\..\Util\MissingSuiteError.cpp">
      <Filter>Supporting code\AE</Filter>
    </ClCompile>
    <ClCompile Include="..\..\FsLibrary\FsGraphics.cpp">
      <Filter>Supporting code\Fs</Filter>
    </ClCompile>
    <ClCompile Include="..\..\FsLibrary\FsGraphicsBlend.cpp">
      <Filter>Supporting code\Fs</Filter>
    </ClCompile>
    <ClCompile Include="..\..\FsLibrary\FsGraphicsBox.cpp">
      <Filter>Supporting code\Fs</Filter>
    </ClCompile>
    <ClCompile Include="..\..\FsLibrary\FsGraphicsCircle.cpp">
      <Filter>Supporting code\Fs</Filter>
    </ClCompile>
    <ClCompile Include="..\..\FsLibrary\FsGraphicsLine.cpp">
      <Filter>Supporting code\Fs</Filter>
    </ClCompile>
    <ClCompile Include="..\PaintMultPoint.cpp" />
    <ClCompile Include="..\..\FsLibrary\FsGraphicsPaint.cpp">
      <Filter>Supporting code\Fs</Filter>
    </ClCompile>
  </ItemGroup>
  <ItemGroup>
    <CustomBuild Include="..\PaintMultPointPiPL.r">
      <Filter>Resource Files</Filter>
    </CustomBuild>
  </ItemGroup>
  <ItemGroup>
    <ResourceCompile Include="PaintMultPointPiPL.rc">
      <Filter>Resource Files</Filter>
    </ResourceCompile>
  </ItemGroup>
</Project>