
Microsoft Visual Studio Solution File, Format Version 12.00
# Visual Studio Version 16
VisualStudioVersion = 16.0.30406.217
MinimumVisualStudioVersion = 10.0.40219.1
Project("{8BC9CEB8-8B4A-11D0-8D11-00A0C91BC942}") = "AlphaFix", "AlphaFix\Win\AlphaFix.vcxproj", "{82675920-EFDC-4880-84E3-4D234C1A86BC}"
EndProject
Project("{8BC9CEB8-8B4A-11D0-8D11-00A0C91BC942}") = "AnimatedNoise", "AnimatedNoise\Win\AnimatedNoise.vcxproj", "{AA3A8CBE-4ACE-4728-9579-7904CCA685A1}"
EndProject
Project("{8BC9CEB8-8B4A-11D0-8D11-00A0C91BC942}") = "CCplus", "CCplus\Win\CCplus.vcxproj", "{18BD60EF-07A0-4FC2-AFFC-A29482C663F4}"
EndProject
Project("{8BC9CEB8-8B4A-11D0-8D11-00A0C91BC942}") = "ChannelNoise", "ChannelNoise\Win\ChannelNoise.vcxproj", "{721DF89F-3009-4A4C-8F72-963A237CA8B1}"
EndProject
Project("{8BC9CEB8-8B4A-11D0-8D11-00A0C91BC942}") = "ColorChange", "ColorChange\Win\ColorChange.vcxproj", "{A057BED7-A75C-4769-BA94-BF3A709420AF}"
EndProject
Project("{8BC9CEB8-8B4A-11D0-8D11-00A0C91BC942}") = "ColorChangeSimple", "ColorChangeSimple\Win\ColorChangeSimple.vcxproj", "{6EB2A53D-63DB-462B-990A-14D37F42E338}"
EndProject
Project("{8BC9CEB8-8B4A-11D0-8D11-00A0C91BC942}") = "EdgeBlur", "EdgeBlur\Win\EdgeBlur.vcxproj", "{AB06F139-C65E-4DA0-8226-59DA70145BC7}"
EndProject
Project("{8BC9CEB8-8B4A-11D0-8D11-00A0C91BC942}") = "FillColor", "FillColor\Win\FillColor.vcxproj", "{0A2ECA9F-F0F9-40BE-B53D-BBFC63945496}"
EndProject
Project("{8BC9CEB8-8B4A-11D0-8D11-00A0C91BC942}") = "Frame", "Frame\Win\Frame.vcxproj", "{4C755A4A-5DC9-403F-B35B-D2800DBE64D7}"
EndProject
Project("{8BC9CEB8-8B4A-11D0-8D11-00A0C91BC942}") = "GuideFrame", "GuideFrame\Win\GuideFrame.vcxproj", "{266832DE-B72D-4186-9D9F-C92B4A970742}"
EndProject
Project("{8BC9CEB8-8B4A-11D0-8D11-00A0C91BC942}") = "HLS_Reverse", "HLS_Reverse\Win\HLS_Reverse.vcxproj", "{BD391ECE-3835-4336-A4C8-94205D097C40}"
EndProject
Project("{8BC9CEB8-8B4A-11D0-8D11-00A0C91BC942}") = "Max", "Max\Win\Max.vcxproj", "{BE97B289-BDA5-4B21-B384-ACCF38CF1BE2}"
EndProject
Project("{8BC9CEB8-8B4A-11D0-8D11-00A0C91BC942}") = "Mosaic", "Mosaic\Win\Mosaic.vcxproj", "{F69A4DE5-0611-445F-AC50-32CE40DD5545}"
EndProject
Project("{8BC9CEB8-8B4A-11D0-8D11-00A0C91BC942}") = "Paint", "Paint\Win\Paint.vcxproj", "{E08EF309-965E-48B8-B74C-9D494A685FC7}"
EndProject
Project("{8BC9CEB8-8B4A-11D0-8D11-00A0C91BC942}") = "PixelReplace", "PixelReplace\Win\PixelReplace.vcxproj", "{D5748DD1-B86E-4C9A-B7D9-EB2260B7DD3B}"
EndProject
Project("{8BC9CEB8-8B4A-11D0-8D11-00A0C91BC942}") = "PixelSelector", "PixelSelector\Win\PixelSelector.vcxproj", "{D3252997-B98A-4685-A06A-E30C4B472F48}"
EndProject
Project("{8BC9CEB8-8B4A-11D0-8D11-00A0C91BC942}") = "PluginSkeleton", "PluginSkeleton\Win\PluginSkeleton.vcxproj", "{44650EE4-5B04-43C2-9D1C-B96240D4AE80}"
EndProject
Project("{8BC9CEB8-8B4A-11D0-8D11-00A0C91BC942}") = "Premultiply", "Premultiply\Win\Premultiply.vcxproj", "{82BCECD2-399F-4286-87BA-0E6A222A98F9}"
EndProject
Project("{8BC9CEB8-8B4A-11D0-8D11-00A0C91BC942}") = "RandomLineNoise", "RandomLineNoise\Win\RandomLineNoise.vcxproj", "{A0E5FD48-02D4-47D7-9DC3-A4B11EE8DC62}"
EndProject
Project("{8BC9CEB8-8B4A-11D0-8D11-00A0C91BC942}") = "RandomMosaic", "RandomMosaic\Win\RandomMosaic.vcxproj", "{DDCCEE64-7056-42C9-B77E-78E7043B74F4}"
EndProject
Project("{8BC9CEB8-8B4A-11D0-8D11-00A0C91BC942}") = "RandomMosaic2nd", "RandomMosaic2nd\Win\RandomMosaic2nd.vcxproj", "{083C2BFE-AE4A-457E-8C6E-BA82D14C3EC7}"
EndProject
Project("{8BC9CEB8-8B4A-11D0-8D11-00A0C91BC942}") = "RandomShift", "RandomShift\Win\RandomShift.vcxproj", "{A43E360B-7EF0-45BC-BD56-9F6E6853472E}"
EndProject
Project("{8BC9CEB8-8B4A-11D0-8D11-00A0C91BC942}") = "RGBAControl", "RGBAControl\Win\RGBAControl.vcxproj", "{1BCBE779-BDE1-40BA-ADCD-D7348ED2538B}"
EndProject
Project("{8BC9CEB8-8B4A-11D0-8D11-00A0C91BC942}") = "RgbToAlpha", "RgbToAlpha\Win\RgbToAlpha.vcxproj", "{9F4EBA64-296D-47FB-A88E-3BC4A2EE4D4C}"
EndProject
Project("{8BC9CEB8-8B4A-11D0-8D11-00A0C91BC942}") = "SelectColor", "SelectColor\Win\SelectColor.vcxproj", "{6585D4DB-91DB-4B4E-8E86-2AA4A7B7D362}"
EndProject
Project("{8BC9CEB8-8B4A-11D0-8D11-00A0C91BC942}") = "SelectedBlur", "SelectedBlur\Win\SelectedBlur.vcxproj", "{F1BCCF81-1FDE-4504-998D-25DC228C8DA8}"
EndProject
Project("{8BC9CEB8-8B4A-11D0-8D11-00A0C91BC942}") = "sputteringAlpha", "sputteringAlpha\Win\sputteringAlpha.vcxproj", "{68A7D7A6-8D9A-471F-A03C-D136B84D87A9}"
EndProject
Project("{8BC9CEB8-8B4A-11D0-8D11-00A0C91BC942}") = "sputteringCircle", "sputteringCircle\Win\sputteringCircle.vcxproj", "{E892EF45-987E-4500-873A-DCEDF2AD78A8}"
EndProject
Project("{8BC9CEB8-8B4A-11D0-8D11-00A0C91BC942}") = "sputteringRect", "sputteringRect\Win\sputteringRect.vcxproj", "{0E98D15B-AF28-4F91-A6B0-8A544907D376}"
EndProject
Project("{8BC9CEB8-8B4A-11D0-8D11-00A0C91BC942}") = "sputteringSplash", "sputteringSplash\Win\sputteringSplash.vcxproj", "{5E900A0B-E91E-401B-8B1C-A1AF7067CFBE}"
EndProject
Project("{8BC9CEB8-8B4A-11D0-8D11-00A0C91BC942}") = "ToGray", "ToGray\Win\ToGray.vcxproj", "{4F4C32EA-EED8-4E85-88E6-DEA7C85EDF6F}"
EndProject
Project("{8BC9CEB8-8B4A-11D0-8D11-00A0C91BC942}") = "Toner", "Toner\Win\Toner.vcxproj", "{DF53575A-3898-40BE-BA28-D8BE0403127C}"
EndProject
Project("{8BC9CEB8-8B4A-11D0-8D11-00A0C91BC942}") = "TouchDraw", "TouchDraw\Win\TouchDraw.vcxproj", "{EA8D46EC-2DB0-44B9-B6A5-F75536BA2BDE}"
EndProject
Project("{8BC9CEB8-8B4A-11D0-8D11-00A0C91BC942}") = "TouchDrawStraght", "TouchDrawStraght\Win\TouchDrawStraght.vcxproj", "{5EB482B1-B231-41DB-9532-DF324D2674F8}"
EndProject
Project("{8BC9CEB8-8B4A-11D0-8D11-00A0C91BC942}") = "VideoGrid", "VideoGrid\Win\VideoGrid.vcxproj", "{24CD6769-03B6-42F0-A48D-C3DF38DD3275}"
EndProject
Project("{8BC9CEB8-8B4A-11D0-8D11-00A0C91BC942}") = "VideoLine", "VideoLine\Win\VideoLine.vcxproj", "{2FCA0603-734A-4C23-B96D-794991FBD82C}"
EndProject
Project("{8BC9CEB8-8B4A-11D0-8D11-00A0C91BC942}") = "Star", "Star\Win\Star.vcxproj", "{7DD5AAE7-DBCF-4D69-9D82-0C868ECD00E8}"
EndProject
Project("{8BC9CEB8-8B4A-11D0-8D11-00A0C91BC942}") = "TouchDrawCenter", "TouchDrawCenter\Win\TouchDrawCenter.vcxproj", "{B44E5587-2ABB-4857-A0E6-A52499D10C26}"
EndProject
Project("{8BC9CEB8-8B4A-11D0-8D11-00A0C91BC942}") = "LineDetection", "LineDetection\Win\LineDetection.vcxproj", "{52CB21FD-EB41-484F-B74F-0780D6EA017C}"
EndProject
Project("{8BC9CEB8-8B4A-11D0-8D11-00A0C91BC942}") = "ColorKey", "ColorKey\Win\ColorKey.vcxproj", "{E18653F0-FFEF-48A1-90AE-CC6562614526}"
EndProject
Project("{8BC9CEB8-8B4A-11D0-8D11-00A0C91BC942}") = "ChannelShift", "ChannelShift\Win\ChannelShift.vcxproj", "{24A77FF4-0D0C-45AC-A4D1-845BE0006E48}"
EndProject
Project("{8BC9CEB8-8B4A-11D0-8D11-00A0C91BC942}") = "CreateAlpha", "CreateAlpha\Win\CreateAlpha.vcxproj", "{B64069B0-6049-4E43-B5F0-7B7C6A3EE5A8}"
EndProject
Project("{8BC9CEB8-8B4A-11D0-8D11-00A0C91BC942}") = "LineTrace", "LineTrace\Win\LineTrace.vcxproj", "{97918B48-8322-43BF-92D6-ECCA9621EE76}"
EndProject
Project("{8BC9CEB8-8B4A-11D0-8D11-00A0C91BC942}") = "PaintMultPoint", "PaintMultPoint\Win\PaintMultPoint.vcxproj", "{A7067AA4-DFD9-439A-8B04-561FED26BD8D}"
EndProject
Project("{8BC9CEB8-8B4A-11D0-8D11-00A0C91BC942}") = "EdgeLine", "EdgeLine\Win\EdgeLine.vcxproj", "{3B9083EB-A40D-4614-AC8E-52FBD6EF3349}"
EndProject
Project("{8BC9CEB8-8B4A-11D0-8D11-00A0C91BC942}") = "MainLineRepaint", "MainLineRepaint\Win\MainLineRepaint.vcxproj", "{D083FA16-AF6A-409F-8A7B-43B782BFFB0F}"
EndProject
Project("{8BC9CEB8-8B4A-11D0-8D11-00A0C91BC942}") = "Tone", "Tone\Win\Tone.vcxproj", "{9857C05E-3174-42F6-AE20-A66113514946}"
EndProject
Project("{8BC9CEB8-8B4A-11D0-8D11-00A0C91BC942}") = "FsSSFrame", "FsSSFrame\Win\FsSSFrame.vcxproj", "{072FB965-D7D5-406C-BF93-EFDAA378C4FD}"
EndProject
Project("{8BC9CEB8-8B4A-11D0-8D11-00A0C91BC942}") = "NoiseHiLo_Alpha", "NoiseHiLo_Alpha\Win\NoiseHiLo_Alpha.vcxproj", "{2F37F615-6971-4E25-A7E7-F84C9667FC17}"
EndProject
Project("{8BC9CEB8-8B4A-11D0-8D11-00A0C91BC942}") = "NoiseHiLo_RGB", "NoiseHiLo_RGB\Win\NoiseHiLo_RGB.vcxproj", "{EBF5387A-7397-47AE-BF29-ADCF3650796C}"
EndProject
Project("{8BC9CEB8-8B4A-11D0-8D11-00A0C91BC942}") = "OpticalDiffusion", "OpticalDiffusion\Win\OpticalDiffusion.vcxproj", "{EEAFB167-BD4D-4CD8-BB63-083C667979D4}"
EndProject
Project("{8BC9CEB8-8B4A-11D0-8D11-00A0C91BC942}") = "MainLineRepaint_old", "MainLineRepaint_old\Win\MainLineRepaint_old.vcxproj", "{AA6B61AB-FE84-4800-B04E-7470C9773B86}"
EndProject
Project("{8BC9CEB8-8B4A-11D0-8D11-00A0C91BC942}") = "alphaThreshold", "AlphaThreshold\Win\alphaThreshold.vcxproj", "{7C83E956-B2B9-430B-959E-BA86D9E4E624}"
EndProject
Project("{8BC9CEB8-8B4A-11D0-8D11-00A0C91BC942}") = "colorThreshold", "colorThreshold\Win\colorThreshold.vcxproj", "{237FD67B-9D84-415B-ADE7-61D01A74ED16}"
EndProject
Project("{8BC9CEB8-8B4A-11D0-8D11-00A0C91BC942}") = "grayToColorize", "grayToColorize\Win\grayToColorize.vcxproj", "{8F86C9BF-D1FC-4619-8480-44010D50BA38}"
EndProject
Project("{8BC9CEB8-8B4A-11D0-8D11-00A0C91BC942}") = "MaskFromRGB", "MaskFromRGB\Win\MaskFromRGB.vcxproj", "{5FFF4BF4-9036-4470-A0E0-90990F4D7A69}"
EndProject
Project("{8BC9CEB8-8B4A-11D0-8D11-00A0C91BC942}") = "MaskFromRGB_Multi", "MaskFromRGB_Multi\Win\MaskFromRGB_Multi.vcxproj", "{EB192493-9742-464D-A0AD-C1EF56EE122F}"
EndProject
Project("{8BC9CEB8-8B4A-11D0-8D11-00A0C91BC942}") = "IroToreAdjacent", "IroToreAdjacent\Win\IroToreAdjacent.vcxproj", "{A03946F0-46CA-4B50-967F-95B8ADC6402F}"
EndProject
Project("{8BC9CEB8-8B4A-11D0-8D11-00A0C91BC942}") = "Thin", "Thin\Win\Thin.vcxproj", "{D0FDBB96-04C3-4085-869E-76DA167D012A}"
EndProject
Project("{8BC9CEB8-8B4A-11D0-8D11-00A0C91BC942}") = "IroTore", "IroTore\Win\IroTore.vcxproj", "{E3EA288E-34E1-44C1-BE43-BB2F4F1F8344}"
EndProject
Project("{8BC9CEB8-8B4A-11D0-8D11-00A0C91BC942}") = "NamiGarasu", "NamiGarasu\Win\NamiGarasu.vcxproj", "{3AF9C08C-1DE7-4B2C-8980-B34A0A308454}"
EndProject
Project("{8BC9CEB8-8B4A-11D0-8D11-00A0C91BC942}") = "smokeThreshold", "smokeThreshold\Win\smokeThreshold.vcxproj", "{0F55E445-AB58-4B3E-B2D9-92C0C2C4013E}"
EndProject
Project("{8BC9CEB8-8B4A-11D0-8D11-00A0C91BC942}") = "ScreenShakeDir", "ScreenShakeDir\Win\ScreenShakeDir.vcxproj", "{12CE4732-9565-4A94-BA30-EB26CA530AAD}"
EndProject
Project("{8BC9CEB8-8B4A-11D0-8D11-00A0C91BC942}") = "ScreenShakeMM", "ScreenShakeMM\Win\ScreenShakeMM.vcxproj", "{AB4B1925-42DA-49A6-B439-EBF997C564A3}"
EndProject
Project("{8BC9CEB8-8B4A-11D0-8D11-00A0C91BC942}") = "OutLine", "OutLine\Win\OutLine.vcxproj", "{A48F2124-FDA5-4D0D-92F6-CF1EE3166A92}"
EndProject
Project("{8BC9CEB8-8B4A-11D0-8D11-00A0C91BC942}") = "Extract-Hi", "Extract-Hi\Win\Extract-Hi.vcxproj", "{02C2B344-DDBA-4CA4-8B09-91F4B061D7A8}"
EndProject
Project("{8BC9CEB8-8B4A-11D0-8D11-00A0C91BC942}") = "PaperPlaneGetWeight", "PaperPlaneGetWeight\Win\PaperPlaneGetWeight.vcxproj", "{22B65B86-5251-4F16-BB10-B6550F974FA3}"
EndProject
Project("{8BC9CEB8-8B4A-11D0-8D11-00A0C91BC942}") = "PaperPlaneGetWeightInfo", "PaperPlaneGetWeightInfo\Win\PaperPlaneGetWeightInfo.vcxproj", "{B50A9D90-4F2C-42CD-A516-2CF8740F959D}"
EndProject
Project("{8BC9CEB8-8B4A-11D0-8D11-00A0C91BC942}") = "whiteInOut", "whiteInOut\Win\whiteInOut.vcxproj", "{007D3F7D-3D91-4B4D-BECE-DC9F75F3B184}"
EndProject
Project("{8BC9CEB8-8B4A-11D0-8D11-00A0C91BC942}") = "ShitsuKanBlur", "ShitsuKanBlur\Win\ShitsuKanBlur.vcxproj", "{CAC5DEDC-2E7E-48DF-984E-9E65F0375230}"
EndProject
Project("{8BC9CEB8-8B4A-11D0-8D11-00A0C91BC942}") = "Max_Kasumi", "Max_Kasumi\Win\Max_Kasumi.vcxproj", "{81DD7657-558F-48CC-8F7C-A1C10D68E7F8}"
EndProject
Project("{8BC9CEB8-8B4A-11D0-8D11-00A0C91BC942}") = "Star_Colorful", "Star_Colorful\Win\Star_Colorful.vcxproj", "{D29C628E-C486-467B-B09E-29206F95A625}"
EndProject
Project("{8BC9CEB8-8B4A-11D0-8D11-00A0C91BC942}") = "VideoLine2nd", "VideoLine2nd\Win\VideoLine2nd.vcxproj", "{B90C5834-E60D-4E09-A286-44C8004ADF7E}"
EndProject
Project("{8BC9CEB8-8B4A-11D0-8D11-00A0C91BC942}") = "ColorMatKey", "ColorMatKey\Win\ColorMatKey.vcxproj", "{2BD2347F-DEA3-4D20-8011-55ECF78D8ECE}"
EndProject
Project("{8BC9CEB8-8B4A-11D0-8D11-00A0C91BC942}") = "EdgeLine-Hi", "EdgeLine-Hi\Win\EdgeLine-Hi.vcxproj", "{AFFB60C8-86E8-4430-B6BE-1A7718ECA91F}"
EndProject
Project("{8BC9CEB8-8B4A-11D0-8D11-00A0C91BC942}") = "Flare", "Flare\Win\Flare.vcxproj", "{BAE8007C-AB1B-48E5-BF0A-EC02BC377CB6}"
EndProject
Project("{8BC9CEB8-8B4A-11D0-8D11-00A0C91BC942}") = "PixelExtend", "PixelExtend\Win\PixelExtend.vcxproj", "{8D0EAFDA-73D9-49E9-9D64-F1C32FE164CC}"
EndProject
Project("{8BC9CEB8-8B4A-11D0-8D11-00A0C91BC942}") = "YuvControl", "YuvControl\Win\YuvControl.vcxproj", "{81DE57D1-C408-45F2-9AF4-A14097A11565}"
EndProject
Project("{8BC9CEB8-8B4A-11D0-8D11-00A0C91BC942}") = "Posterization8bit", "Posterization8bit\Win\Posterization8bit.vcxproj", "{F5F94DB1-51AC-4D0E-A23A-14BD7BCFC91D}"
EndProject
Project("{8BC9CEB8-8B4A-11D0-8D11-00A0C91BC942}") = "graytoneToColorize", "graytoneToColorize\Win\graytoneToColorize.vcxproj", "{F8D4470F-E99D-49C1-B9E0-70AD1BED338E}"
EndProject
Project("{8BC9CEB8-8B4A-11D0-8D11-00A0C91BC942}") = "Filter", "Filter\Win\Filter.vcxproj", "{FB474EFA-205B-4995-9D53-8D773AB3E816}"
EndProject
Project("{8BC9CEB8-8B4A-11D0-8D11-00A0C91BC942}") = "Scanline", "Scanline\Win\Scanline.vcxproj", "{8A65075A-E9A7-4D19-B5A0-05E8193023DA}"
EndProject
Project("{8BC9CEB8-8B4A-11D0-8D11-00A0C91BC942}") = "ExpsColors", "ExpsColors\Win\ExpsColors.vcxproj", "{03923BD6-DC67-49A4-BA4E-7783EB6B8A0A}"
EndProject
Project("{8BC9CEB8-8B4A-11D0-8D11-00A0C91BC942}") = "ExpsPos", "ExpsPos\Win\ExpsPos.vcxproj", "{A1F725C9-0D65-43E9-8CC7-791BB9FCCCAD}"
EndProject
Project("{8BC9CEB8-8B4A-11D0-8D11-00A0C91BC942}") = "grayToCountourLine", "grayToCountourLine\Win\grayToCountourLine.vcxproj", "{E7B4298C-F239-469F-84BF-D6058641E800}"
EndProject
Project("{8BC9CEB8-8B4A-11D0-8D11-00A0C91BC942}") = "grayToWaveLine", "grayToWaveLine\Win\grayToWaveLine.vcxproj", "{2A885A8B-49F6-4044-953D-30D81B01CD5B}"
EndProject
Project("{8BC9CEB8-8B4A-11D0-8D11-00A0C91BC942}") = "Spark", "Spark\Win\Spark.vcxproj", "{2BFEEE25-61D3-48F8-9BB5-A75A37CD5852}"
EndProject
Project("{8BC9CEB8-8B4A-11D0-8D11-00A0C91BC942}") = "SparkRing", "SparkRing\Win\SparkRing.vcxproj", "{7354DDAB-F965-460A-8A5C-1DD64CA1CAAD}"
EndProject
Global
	GlobalSection(SolutionConfigurationPlatforms) = preSolution
		Debug|x64 = Debug|x64
		Debug|x86 = Debug|x86
		Release|x64 = Release|x64
		Release|x86 = Release|x86
		Release-MT|x64 = Release-MT|x64
		Release-MT|x86 = Release-MT|x86
	EndGlobalSection
	GlobalSection(ProjectConfigurationPlatforms) = postSolution
		{82675920-EFDC-4880-84E3-4D234C1A86BC}.Debug|x64.ActiveCfg = Debug|x64
		{82675920-EFDC-4880-84E3-4D234C1A86BC}.Debug|x64.Build.0 = Debug|x64
		{82675920-EFDC-4880-84E3-4D234C1A86BC}.Debug|x86.ActiveCfg = Debug|x64
		{82675920-EFDC-4880-84E3-4D234C1A86BC}.Release|x64.ActiveCfg = Release|x64
		{82675920-EFDC-4880-84E3-4D234C1A86BC}.Release|x64.Build.0 = Release|x64
		{82675920-EFDC-4880-84E3-4D234C1A86BC}.Release|x86.ActiveCfg = Release|x64
		{82675920-EFDC-4880-84E3-4D234C1A86BC}.Release-MT|x64.ActiveCfg = Release-MT|x64
		{82675920-EFDC-4880-84E3-4D234C1A86BC}.Release-MT|x64.Build.0 = Release-MT|x64
		{82675920-EFDC-4880-84E3-4D234C1A86BC}.Release-MT|x86.ActiveCfg = Release-MT|x64
		{AA3A8CBE-4ACE-4728-9579-7904CCA685A1}.Debug|x64.ActiveCfg = Debug|x64
		{AA3A8CBE-4ACE-4728-9579-7904CCA685A1}.Debug|x64.Build.0 = Debug|x64
		{AA3A8CBE-4ACE-4728-9579-7904CCA685A1}.Debug|x86.ActiveCfg = Debug|x64
		{AA3A8CBE-4ACE-4728-9579-7904CCA685A1}.Release|x64.ActiveCfg = Release|x64
		{AA3A8CBE-4ACE-4728-9579-7904CCA685A1}.Release|x64.Build.0 = Release|x64
		{AA3A8CBE-4ACE-4728-9579-7904CCA685A1}.Release|x86.ActiveCfg = Release|x64
		{AA3A8CBE-4ACE-4728-9579-7904CCA685A1}.Release-MT|x64.ActiveCfg = Release-MT|x64
		{AA3A8CBE-4ACE-4728-9579-7904CCA685A1}.Release-MT|x64.Build.0 = Release-MT|x64
		{AA3A8CBE-4ACE-4728-9579-7904CCA685A1}.Release-MT|x86.ActiveCfg = Release-MT|x64
		{18BD60EF-07A0-4FC2-AFFC-A29482C663F4}.Debug|x64.ActiveCfg = Debug|x64
		{18BD60EF-07A0-4FC2-AFFC-A29482C663F4}.Debug|x64.Build.0 = Debug|x64
		{18BD60EF-07A0-4FC2-AFFC-A29482C663F4}.Debug|x86.ActiveCfg = Debug|x64
		{18BD60EF-07A0-4FC2-AFFC-A29482C663F4}.Release|x64.ActiveCfg = Release|x64
		{18BD60EF-07A0-4FC2-AFFC-A29482C663F4}.Release|x64.Build.0 = Release|x64
		{18BD60EF-07A0-4FC2-AFFC-A29482C663F4}.Release|x86.ActiveCfg = Release|x64
		{18BD60EF-07A0-4FC2-AFFC-A29482C663F4}.Release-MT|x64.ActiveCfg = Release-MT|x64
		{18BD60EF-07A0-4FC2-AFFC-A29482C663F4}.Release-MT|x64.Build.0 = Release-MT|x64
		{18BD60EF-07A0-4FC2-AFFC-A29482C663F4}.Release-MT|x86.ActiveCfg = Release-MT|x64
		{721DF89F-3009-4A4C-8F72-963A237CA8B1}.Debug|x64.ActiveCfg = Debug|x64
		{721DF89F-3009-4A4C-8F72-963A237CA8B1}.Debug|x64.Build.0 = Debug|x64
		{721DF89F-3009-4A4C-8F72-963A237CA8B1}.Debug|x86.ActiveCfg = Debug|Win32
		{721DF89F-3009-4A4C-8F72-963A237CA8B1}.Debug|x86.Build.0 = Debug|Win32
		{721DF89F-3009-4A4C-8F72-963A237CA8B1}.Release|x64.ActiveCfg = Release|x64
		{721DF89F-3009-4A4C-8F72-963A237CA8B1}.Release|x64.Build.0 = Release|x64
		{721DF89F-3009-4A4C-8F72-963A237CA8B1}.Release|x86.ActiveCfg = Release|Win32
		{721DF89F-3009-4A4C-8F72-963A237CA8B1}.Release|x86.Build.0 = Release|Win32
		{721DF89F-3009-4A4C-8F72-963A237CA8B1}.Release-MT|x64.ActiveCfg = Release-MT|x64
		{721DF89F-3009-4A4C-8F72-963A237CA8B1}.Release-MT|x64.Build.0 = Release-MT|x64
		{721DF89F-3009-4A4C-8F72-963A237CA8B1}.Release-MT|x86.ActiveCfg = Release-MT|Win32
		{721DF89F-3009-4A4C-8F72-963A237CA8B1}.Release-MT|x86.Build.0 = Release-MT|Win32
		{A057BED7-A75C-4769-BA94-BF3A709420AF}.Debug|x64.ActiveCfg = Debug|x64
		{A057BED7-A75C-4769-BA94-BF3A709420AF}.Debug|x64.Build.0 = Debug|x64
		{A057BED7-A75C-4769-BA94-BF3A709420AF}.Debug|x86.ActiveCfg = Debug|x64
		{A057BED7-A75C-4769-BA94-BF3A709420AF}.Release|x64.ActiveCfg = Release|x64
		{A057BED7-A75C-4769-BA94-BF3A709420AF}.Release|x64.Build.0 = Release|x64
		{A057BED7-A75C-4769-BA94-BF3A709420AF}.Release|x86.ActiveCfg = Release|x64
		{A057BED7-A75C-4769-BA94-BF3A709420AF}.Release-MT|x64.ActiveCfg = Release-MT|x64
		{A057BED7-A75C-4769-BA94-BF3A709420AF}.Release-MT|x64.Build.0 = Release-MT|x64
		{A057BED7-A75C-4769-BA94-BF3A709420AF}.Release-MT|x86.ActiveCfg = Release-MT|x64
		{6EB2A53D-63DB-462B-990A-14D37F42E338}.Debug|x64.ActiveCfg = Debug|x64
		{6EB2A53D-63DB-462B-990A-14D37F42E338}.Debug|x64.Build.0 = Debug|x64
		{6EB2A53D-63DB-462B-990A-14D37F42E338}.Debug|x86.ActiveCfg = Debug|x64
		{6EB2A53D-63DB-462B-990A-14D37F42E338}.Release|x64.ActiveCfg = Release|x64
		{6EB2A53D-63DB-462B-990A-14D37F42E338}.Release|x64.Build.0 = Release|x64
		{6EB2A53D-63DB-462B-990A-14D37F42E338}.Release|x86.ActiveCfg = Release|x64
		{6EB2A53D-63DB-462B-990A-14D37F42E338}.Release-MT|x64.ActiveCfg = Release-MT|x64
		{6EB2A53D-63DB-462B-990A-14D37F42E338}.Release-MT|x64.Build.0 = Release-MT|x64
		{6EB2A53D-63DB-462B-990A-14D37F42E338}.Release-MT|x86.ActiveCfg = Release-MT|x64
		{AB06F139-C65E-4DA0-8226-59DA70145BC7}.Debug|x64.ActiveCfg = Debug|x64
		{AB06F139-C65E-4DA0-8226-59DA70145BC7}.Debug|x64.Build.0 = Debug|x64
		{AB06F139-C65E-4DA0-8226-59DA70145BC7}.Debug|x86.ActiveCfg = Debug|x64
		{AB06F139-C65E-4DA0-8226-59DA70145BC7}.Release|x64.ActiveCfg = Release|x64
		{AB06F139-C65E-4DA0-8226-59DA70145BC7}.Release|x64.Build.0 = Release|x64
		{AB06F139-C65E-4DA0-8226-59DA70145BC7}.Release|x86.ActiveCfg = Release|x64
		{AB06F139-C65E-4DA0-8226-59DA70145BC7}.Release-MT|x64.ActiveCfg = Release-MT|x64
		{AB06F139-C65E-4DA0-8226-59DA70145BC7}.Release-MT|x64.Build.0 = Release-MT|x64
		{AB06F139-C65E-4DA0-8226-59DA70145BC7}.Release-MT|x86.ActiveCfg = Release-MT|x64
		{0A2ECA9F-F0F9-40BE-B53D-BBFC63945496}.Debug|x64.ActiveCfg = Debug|x64
		{0A2ECA9F-F0F9-40BE-B53D-BBFC63945496}.Debug|x64.Build.0 = Debug|x64
		{0A2ECA9F-F0F9-40BE-B53D-BBFC63945496}.Debug|x86.ActiveCfg = Debug|x64
		{0A2ECA9F-F0F9-40BE-B53D-BBFC63945496}.Release|x64.ActiveCfg = Release|x64
		{0A2ECA9F-F0F9-40BE-B53D-BBFC63945496}.Release|x64.Build.0 = Release|x64
		{0A2ECA9F-F0F9-40BE-B53D-BBFC63945496}.Release|x86.ActiveCfg = Release|x64
		{0A2ECA9F-F0F9-40BE-B53D-BBFC63945496}.Release-MT|x64.ActiveCfg = Release-MT|x64
		{0A2ECA9F-F0F9-40BE-B53D-BBFC63945496}.Release-MT|x64.Build.0 = Release-MT|x64
		{0A2ECA9F-F0F9-40BE-B53D-BBFC63945496}.Release-MT|x86.ActiveCfg = Release-MT|x64
		{4C755A4A-5DC9-403F-B35B-D2800DBE64D7}.Debug|x64.ActiveCfg = Debug|x64
		{4C755A4A-5DC9-403F-B35B-D2800DBE64D7}.Debug|x64.Build.0 = Debug|x64
		{4C755A4A-5DC9-403F-B35B-D2800DBE64D7}.Debug|x86.ActiveCfg = Debug|x64
		{4C755A4A-5DC9-403F-B35B-D2800DBE64D7}.Release|x64.ActiveCfg = Release|x64
		{4C755A4A-5DC9-403F-B35B-D2800DBE64D7}.Release|x64.Build.0 = Release|x64
		{4C755A4A-5DC9-403F-B35B-D2800DBE64D7}.Release|x86.ActiveCfg = Release|x64
		{4C755A4A-5DC9-403F-B35B-D2800DBE64D7}.Release-MT|x64.ActiveCfg = Release-MT|x64
		{4C755A4A-5DC9-403F-B35B-D2800DBE64D7}.Release-MT|x64.Build.0 = Release-MT|x64
		{4C755A4A-5DC9-403F-B35B-D2800DBE64D7}.Release-MT|x86.ActiveCfg = Release-MT|x64
		{266832DE-B72D-4186-9D9F-C92B4A970742}.Debug|x64.ActiveCfg = Debug|x64
		{266832DE-B72D-4186-9D9F-C92B4A970742}.Debug|x64.Build.0 = Debug|x64
		{266832DE-B72D-4186-9D9F-C92B4A970742}.Debug|x86.ActiveCfg = Debug|x64
		{266832DE-B72D-4186-9D9F-C92B4A970742}.Release|x64.ActiveCfg = Release|x64
		{266832DE-B72D-4186-9D9F-C92B4A970742}.Release|x64.Build.0 = Release|x64
		{266832DE-B72D-4186-9D9F-C92B4A970742}.Release|x86.ActiveCfg = Release|x64
		{266832DE-B72D-4186-9D9F-C92B4A970742}.Release-MT|x64.ActiveCfg = Release-MT|x64
		{266832DE-B72D-4186-9D9F-C92B4A970742}.Release-MT|x64.Build.0 = Release-MT|x64
		{266832DE-B72D-4186-9D9F-C92B4A970742}.Release-MT|x86.ActiveCfg = Release-MT|x64
		{BD391ECE-3835-4336-A4C8-94205D097C40}.Debug|x64.ActiveCfg = Debug|x64
		{BD391ECE-3835-4336-A4C8-94205D097C40}.Debug|x64.Build.0 = Debug|x64
		{BD391ECE-3835-4336-A4C8-94205D097C40}.Debug|x86.ActiveCfg = Debug|x64
		{BD391ECE-3835-4336-A4C8-94205D097C40}.Release|x64.ActiveCfg = Release|x64
		{BD391ECE-3835-4336-A4C8-94205D097C40}.Release|x64.Build.0 = Release|x64
		{BD391ECE-3835-4336-A4C8-94205D097C40}.Release|x86.ActiveCfg = Release|x64
		{BD391ECE-3835-4336-A4C8-94205D097C40}.Release-MT|x64.ActiveCfg = Release-MT|x64
		{BD391ECE-3835-4336-A4C8-94205D097C40}.Release-MT|x64.Build.0 = Release-MT|x64
		{BD391ECE-3835-4336-A4C8-94205D097C40}.Release-MT|x86.ActiveCfg = Release-MT|x64
		{BE97B289-BDA5-4B21-B384-ACCF38CF1BE2}.Debug|x64.ActiveCfg = Debug|x64
		{BE97B289-BDA5-4B21-B384-ACCF38CF1BE2}.Debug|x64.Build.0 = Debug|x64
		{BE97B289-BDA5-4B21-B384-ACCF38CF1BE2}.Debug|x86.ActiveCfg = Debug|x64
		{BE97B289-BDA5-4B21-B384-ACCF38CF1BE2}.Release|x64.ActiveCfg = Release|x64
		{BE97B289-BDA5-4B21-B384-ACCF38CF1BE2}.Release|x64.Build.0 = Release|x64
		{BE97B289-BDA5-4B21-B384-ACCF38CF1BE2}.Release|x86.ActiveCfg = Release|x64
		{BE97B289-BDA5-4B21-B384-ACCF38CF1BE2}.Release-MT|x64.ActiveCfg = Release-MT|x64
		{BE97B289-BDA5-4B21-B384-ACCF38CF1BE2}.Release-MT|x64.Build.0 = Release-MT|x64
		{BE97B289-BDA5-4B21-B384-ACCF38CF1BE2}.Release-MT|x86.ActiveCfg = Release-MT|x64
		{F69A4DE5-0611-445F-AC50-32CE40DD5545}.Debug|x64.ActiveCfg = Debug|x64
		{F69A4DE5-0611-445F-AC50-32CE40DD5545}.Debug|x64.Build.0 = Debug|x64
		{F69A4DE5-0611-445F-AC50-32CE40DD5545}.Debug|x86.ActiveCfg = Debug|Win32
		{F69A4DE5-0611-445F-AC50-32CE40DD5545}.Debug|x86.Build.0 = Debug|Win32
		{F69A4DE5-0611-445F-AC50-32CE40DD5545}.Release|x64.ActiveCfg = Release|x64
		{F69A4DE5-0611-445F-AC50-32CE40DD5545}.Release|x64.Build.0 = Release|x64
		{F69A4DE5-0611-445F-AC50-32CE40DD5545}.Release|x86.ActiveCfg = Release|Win32
		{F69A4DE5-0611-445F-AC50-32CE40DD5545}.Release|x86.Build.0 = Release|Win32
		{F69A4DE5-0611-445F-AC50-32CE40DD5545}.Release-MT|x64.ActiveCfg = Release-MT|x64
		{F69A4DE5-0611-445F-AC50-32CE40DD5545}.Release-MT|x64.Build.0 = Release-MT|x64
		{F69A4DE5-0611-445F-AC50-32CE40DD5545}.Release-MT|x86.ActiveCfg = Release-MT|Win32
		{F69A4DE5-0611-445F-AC50-32CE40DD5545}.Release-MT|x86.Build.0 = Release-MT|Win32
		{E08EF309-965E-48B8-B74C-9D494A685FC7}.Debug|x64.ActiveCfg = Debug|x64
		{E08EF309-965E-48B8-B74C-9D494A685FC7}.Debug|x64.Build.0 = Debug|x64
		{E08EF309-965E-48B8-B74C-9D494A685FC7}.Debug|x86.ActiveCfg = Debug|x64
		{E08EF309-965E-48B8-B74C-9D494A685FC7}.Release|x64.ActiveCfg = Release|x64
		{E08EF309-965E-48B8-B74C-9D494A685FC7}.Release|x64.Build.0 = Release|x64
		{E08EF309-965E-48B8-B74C-9D494A685FC7}.Release|x86.ActiveCfg = Release|x64
		{E08EF309-965E-48B8-B74C-9D494A685FC7}.Release-MT|x64.ActiveCfg = Release-MT|x64
		{E08EF309-965E-48B8-B74C-9D494A685FC7}.Release-MT|x64.Build.0 = Release-MT|x64
		{E08EF309-965E-48B8-B74C-9D494A685FC7}.Release-MT|x86.ActiveCfg = Release-MT|x64
		{D5748DD1-B86E-4C9A-B7D9-EB2260B7DD3B}.Debug|x64.ActiveCfg = Debug|x64
		{D5748DD1-B86E-4C9A-B7D9-EB2260B7DD3B}.Debug|x64.Build.0 = Debug|x64
		{D5748DD1-B86E-4C9A-B7D9-EB2260B7DD3B}.Debug|x86.ActiveCfg = Debug|Win32
		{D5748DD1-B86E-4C9A-B7D9-EB2260B7DD3B}.Debug|x86.Build.0 = Debug|Win32
		{D5748DD1-B86E-4C9A-B7D9-EB2260B7DD3B}.Release|x64.ActiveCfg = Release|x64
		{D5748DD1-B86E-4C9A-B7D9-EB2260B7DD3B}.Release|x64.Build.0 = Release|x64
		{D5748DD1-B86E-4C9A-B7D9-EB2260B7DD3B}.Release|x86.ActiveCfg = Release|Win32
		{D5748DD1-B86E-4C9A-B7D9-EB2260B7DD3B}.Release|x86.Build.0 = Release|Win32
		{D5748DD1-B86E-4C9A-B7D9-EB2260B7DD3B}.Release-MT|x64.ActiveCfg = Release-MT|x64
		{D5748DD1-B86E-4C9A-B7D9-EB2260B7DD3B}.Release-MT|x64.Build.0 = Release-MT|x64
		{D5748DD1-B86E-4C9A-B7D9-EB2260B7DD3B}.Release-MT|x86.ActiveCfg = Release-MT|Win32
		{D5748DD1-B86E-4C9A-B7D9-EB2260B7DD3B}.Release-MT|x86.Build.0 = Release-MT|Win32
		{D3252997-B98A-4685-A06A-E30C4B472F48}.Debug|x64.ActiveCfg = Debug|x64
		{D3252997-B98A-4685-A06A-E30C4B472F48}.Debug|x64.Build.0 = Debug|x64
		{D3252997-B98A-4685-A06A-E30C4B472F48}.Debug|x86.ActiveCfg = Debug|Win32
		{D3252997-B98A-4685-A06A-E30C4B472F48}.Debug|x86.Build.0 = Debug|Win32
		{D3252997-B98A-4685-A06A-E30C4B472F48}.Release|x64.ActiveCfg = Release|x64
		{D3252997-B98A-4685-A06A-E30C4B472F48}.Release|x64.Build.0 = Release|x64
		{D3252997-B98A-4685-A06A-E30C4B472F48}.Release|x86.ActiveCfg = Release|Win32
		{D3252997-B98A-4685-A06A-E30C4B472F48}.Release|x86.Build.0 = Release|Win32
		{D3252997-B98A-4685-A06A-E30C4B472F48}.Release-MT|x64.ActiveCfg = Release-MT|x64
		{D3252997-B98A-4685-A06A-E30C4B472F48}.Release-MT|x64.Build.0 = Release-MT|x64
		{D3252997-B98A-4685-A06A-E30C4B472F48}.Release-MT|x86.ActiveCfg = Release-MT|Win32
		{D3252997-B98A-4685-A06A-E30C4B472F48}.Release-MT|x86.Build.0 = Release-MT|Win32
		{44650EE4-5B04-43C2-9D1C-B96240D4AE80}.Debug|x64.ActiveCfg = Debug|x64
		{44650EE4-5B04-43C2-9D1C-B96240D4AE80}.Debug|x64.Build.0 = Debug|x64
		{44650EE4-5B04-43C2-9D1C-B96240D4AE80}.Debug|x86.ActiveCfg = Debug|Win32
		{44650EE4-5B04-43C2-9D1C-B96240D4AE80}.Debug|x86.Build.0 = Debug|Win32
		{44650EE4-5B04-43C2-9D1C-B96240D4AE80}.Release|x64.ActiveCfg = Release|x64
		{44650EE4-5B04-43C2-9D1C-B96240D4AE80}.Release|x64.Build.0 = Release|x64
		{44650EE4-5B04-43C2-9D1C-B96240D4AE80}.Release|x86.ActiveCfg = Release|Win32
		{44650EE4-5B04-43C2-9D1C-B96240D4AE80}.Release|x86.Build.0 = Release|Win32
		{44650EE4-5B04-43C2-9D1C-B96240D4AE80}.Release-MT|x64.ActiveCfg = Release-MT|x64
		{44650EE4-5B04-43C2-9D1C-B96240D4AE80}.Release-MT|x64.Build.0 = Release-MT|x64
		{44650EE4-5B04-43C2-9D1C-B96240D4AE80}.Release-MT|x86.ActiveCfg = Release-MT|Win32
		{44650EE4-5B04-43C2-9D1C-B96240D4AE80}.Release-MT|x86.Build.0 = Release-MT|Win32
		{82BCECD2-399F-4286-87BA-0E6A222A98F9}.Debug|x64.ActiveCfg = Debug|x64
		{82BCECD2-399F-4286-87BA-0E6A222A98F9}.Debug|x64.Build.0 = Debug|x64
		{82BCECD2-399F-4286-87BA-0E6A222A98F9}.Debug|x86.ActiveCfg = Debug|Win32
		{82BCECD2-399F-4286-87BA-0E6A222A98F9}.Debug|x86.Build.0 = Debug|Win32
		{82BCECD2-399F-4286-87BA-0E6A222A98F9}.Release|x64.ActiveCfg = Release|x64
		{82BCECD2-399F-4286-87BA-0E6A222A98F9}.Release|x64.Build.0 = Release|x64
		{82BCECD2-399F-4286-87BA-0E6A222A98F9}.Release|x86.ActiveCfg = Release|Win32
		{82BCECD2-399F-4286-87BA-0E6A222A98F9}.Release|x86.Build.0 = Release|Win32
		{82BCECD2-399F-4286-87BA-0E6A222A98F9}.Release-MT|x64.ActiveCfg = Release-MT|x64
		{82BCECD2-399F-4286-87BA-0E6A222A98F9}.Release-MT|x64.Build.0 = Release-MT|x64
		{82BCECD2-399F-4286-87BA-0E6A222A98F9}.Release-MT|x86.ActiveCfg = Release-MT|Win32
		{82BCECD2-399F-4286-87BA-0E6A222A98F9}.Release-MT|x86.Build.0 = Release-MT|Win32
		{A0E5FD48-02D4-47D7-9DC3-A4B11EE8DC62}.Debug|x64.ActiveCfg = Debug|x64
		{A0E5FD48-02D4-47D7-9DC3-A4B11EE8DC62}.Debug|x64.Build.0 = Debug|x64
		{A0E5FD48-02D4-47D7-9DC3-A4B11EE8DC62}.Debug|x86.ActiveCfg = Debug|Win32
		{A0E5FD48-02D4-47D7-9DC3-A4B11EE8DC62}.Debug|x86.Build.0 = Debug|Win32
		{A0E5FD48-02D4-47D7-9DC3-A4B11EE8DC62}.Release|x64.ActiveCfg = Release|x64
		{A0E5FD48-02D4-47D7-9DC3-A4B11EE8DC62}.Release|x64.Build.0 = Release|x64
		{A0E5FD48-02D4-47D7-9DC3-A4B11EE8DC62}.Release|x86.ActiveCfg = Release|Win32
		{A0E5FD48-02D4-47D7-9DC3-A4B11EE8DC62}.Release|x86.Build.0 = Release|Win32
		{A0E5FD48-02D4-47D7-9DC3-A4B11EE8DC62}.Release-MT|x64.ActiveCfg = Release-MT|x64
		{A0E5FD48-02D4-47D7-9DC3-A4B11EE8DC62}.Release-MT|x64.Build.0 = Release-MT|x64
		{A0E5FD48-02D4-47D7-9DC3-A4B11EE8DC62}.Release-MT|x86.ActiveCfg = Release-MT|Win32
		{A0E5FD48-02D4-47D7-9DC3-A4B11EE8DC62}.Release-MT|x86.Build.0 = Release-MT|Win32
		{DDCCEE64-7056-42C9-B77E-78E7043B74F4}.Debug|x64.ActiveCfg = Debug|x64
		{DDCCEE64-7056-42C9-B77E-78E7043B74F4}.Debug|x64.Build.0 = Debug|x64
		{DDCCEE64-7056-42C9-B77E-78E7043B74F4}.Debug|x86.ActiveCfg = Debug|Win32
		{DDCCEE64-7056-42C9-B77E-78E7043B74F4}.Debug|x86.Build.0 = Debug|Win32
		{DDCCEE64-7056-42C9-B77E-78E7043B74F4}.Release|x64.ActiveCfg = Release|x64
		{DDCCEE64-7056-42C9-B77E-78E7043B74F4}.Release|x64.Build.0 = Release|x64
		{DDCCEE64-7056-42C9-B77E-78E7043B74F4}.Release|x86.ActiveCfg = Release|Win32
		{DDCCEE64-7056-42C9-B77E-78E7043B74F4}.Release|x86.Build.0 = Release|Win32
		{DDCCEE64-7056-42C9-B77E-78E7043B74F4}.Release-MT|x64.ActiveCfg = Release-MT|x64
		{DDCCEE64-7056-42C9-B77E-78E7043B74F4}.Release-MT|x64.Build.0 = Release-MT|x64
		{DDCCEE64-7056-42C9-B77E-78E7043B74F4}.Release-MT|x86.ActiveCfg = Release-MT|Win32
		{DDCCEE64-7056-42C9-B77E-78E7043B74F4}.Release-MT|x86.Build.0 = Release-MT|Win32
		{083C2BFE-AE4A-457E-8C6E-BA82D14C3EC7}.Debug|x64.ActiveCfg = Debug|x64
		{083C2BFE-AE4A-457E-8C6E-BA82D14C3EC7}.Debug|x64.Build.0 = Debug|x64
		{083C2BFE-AE4A-457E-8C6E-BA82D14C3EC7}.Debug|x86.ActiveCfg = Debug|Win32
		{083C2BFE-AE4A-457E-8C6E-BA82D14C3EC7}.Debug|x86.Build.0 = Debug|Win32
		{083C2BFE-AE4A-457E-8C6E-BA82D14C3EC7}.Release|x64.ActiveCfg = Release|x64
		{083C2BFE-AE4A-457E-8C6E-BA82D14C3EC7}.Release|x64.Build.0 = Release|x64
		{083C2BFE-AE4A-457E-8C6E-BA82D14C3EC7}.Release|x86.ActiveCfg = Release|Win32
		{083C2BFE-AE4A-457E-8C6E-BA82D14C3EC7}.Release|x86.Build.0 = Release|Win32
		{083C2BFE-AE4A-457E-8C6E-BA82D14C3EC7}.Release-MT|x64.ActiveCfg = Release-MT|x64
		{083C2BFE-AE4A-457E-8C6E-BA82D14C3EC7}.Release-MT|x64.Build.0 = Release-MT|x64
		{083C2BFE-AE4A-457E-8C6E-BA82D14C3EC7}.Release-MT|x86.ActiveCfg = Release-MT|Win32
		{083C2BFE-AE4A-457E-8C6E-BA82D14C3EC7}.Release-MT|x86.Build.0 = Release-MT|Win32
		{A43E360B-7EF0-45BC-BD56-9F6E6853472E}.Debug|x64.ActiveCfg = Debug|x64
		{A43E360B-7EF0-45BC-BD56-9F6E6853472E}.Debug|x64.Build.0 = Debug|x64
		{A43E360B-7EF0-45BC-BD56-9F6E6853472E}.Debug|x86.ActiveCfg = Debug|Win32
		{A43E360B-7EF0-45BC-BD56-9F6E6853472E}.Debug|x86.Build.0 = Debug|Win32
		{A43E360B-7EF0-45BC-BD56-9F6E6853472E}.Release|x64.ActiveCfg = Release|x64
		{A43E360B-7EF0-45BC-BD56-9F6E6853472E}.Release|x64.Build.0 = Release|x64
		{A43E360B-7EF0-45BC-BD56-9F6E6853472E}.Release|x86.ActiveCfg = Release|Win32
		{A43E360B-7EF0-45BC-BD56-9F6E6853472E}.Release|x86.Build.0 = Release|Win32
		{A43E360B-7EF0-45BC-BD56-9F6E6853472E}.Release-MT|x64.ActiveCfg = Release-MT|x64
		{A43E360B-7EF0-45BC-BD56-9F6E6853472E}.Release-MT|x64.Build.0 = Release-MT|x64
		{A43E360B-7EF0-45BC-BD56-9F6E6853472E}.Release-MT|x86.ActiveCfg = Release-MT|Win32
		{A43E360B-7EF0-45BC-BD56-9F6E6853472E}.Release-MT|x86.Build.0 = Release-MT|Win32
		{1BCBE779-BDE1-40BA-ADCD-D7348ED2538B}.Debug|x64.ActiveCfg = Debug|x64
		{1BCBE779-BDE1-40BA-ADCD-D7348ED2538B}.Debug|x64.Build.0 = Debug|x64
		{1BCBE779-BDE1-40BA-ADCD-D7348ED2538B}.Debug|x86.ActiveCfg = Debug|Win32
		{1BCBE779-BDE1-40BA-ADCD-D7348ED2538B}.Debug|x86.Build.0 = Debug|Win32
		{1BCBE779-BDE1-40BA-ADCD-D7348ED2538B}.Release|x64.ActiveCfg = Release|x64
		{1BCBE779-BDE1-40BA-ADCD-D7348ED2538B}.Release|x64.Build.0 = Release|x64
		{1BCBE779-BDE1-40BA-ADCD-D7348ED2538B}.Release|x86.ActiveCfg = Release|Win32
		{1BCBE779-BDE1-40BA-ADCD-D7348ED2538B}.Release|x86.Build.0 = Release|Win32
		{1BCBE779-BDE1-40BA-ADCD-D7348ED2538B}.Release-MT|x64.ActiveCfg = Release-MT|x64
		{1BCBE779-BDE1-40BA-ADCD-D7348ED2538B}.Release-MT|x64.Build.0 = Release-MT|x64
		{1BCBE779-BDE1-40BA-ADCD-D7348ED2538B}.Release-MT|x86.ActiveCfg = Release-MT|Win32
		{1BCBE779-BDE1-40BA-ADCD-D7348ED2538B}.Release-MT|x86.Build.0 = Release-MT|Win32
		{9F4EBA64-296D-47FB-A88E-3BC4A2EE4D4C}.Debug|x64.ActiveCfg = Debug|x64
		{9F4EBA64-296D-47FB-A88E-3BC4A2EE4D4C}.Debug|x64.Build.0 = Debug|x64
		{9F4EBA64-296D-47FB-A88E-3BC4A2EE4D4C}.Debug|x86.ActiveCfg = Debug|x64
		{9F4EBA64-296D-47FB-A88E-3BC4A2EE4D4C}.Release|x64.ActiveCfg = Release|x64
		{9F4EBA64-296D-47FB-A88E-3BC4A2EE4D4C}.Release|x64.Build.0 = Release|x64
		{9F4EBA64-296D-47FB-A88E-3BC4A2EE4D4C}.Release|x86.ActiveCfg = Release|x64
		{9F4EBA64-296D-47FB-A88E-3BC4A2EE4D4C}.Release-MT|x64.ActiveCfg = Release-MT|x64
		{9F4EBA64-296D-47FB-A88E-3BC4A2EE4D4C}.Release-MT|x64.Build.0 = Release-MT|x64
		{9F4EBA64-296D-47FB-A88E-3BC4A2EE4D4C}.Release-MT|x86.ActiveCfg = Release-MT|x64
		{6585D4DB-91DB-4B4E-8E86-2AA4A7B7D362}.Debug|x64.ActiveCfg = Debug|x64
		{6585D4DB-91DB-4B4E-8E86-2AA4A7B7D362}.Debug|x64.Build.0 = Debug|x64
		{6585D4DB-91DB-4B4E-8E86-2AA4A7B7D362}.Debug|x86.ActiveCfg = Debug|Win32
		{6585D4DB-91DB-4B4E-8E86-2AA4A7B7D362}.Debug|x86.Build.0 = Debug|Win32
		{6585D4DB-91DB-4B4E-8E86-2AA4A7B7D362}.Release|x64.ActiveCfg = Release|x64
		{6585D4DB-91DB-4B4E-8E86-2AA4A7B7D362}.Release|x64.Build.0 = Release|x64
		{6585D4DB-91DB-4B4E-8E86-2AA4A7B7D362}.Release|x86.ActiveCfg = Release|Win32
		{6585D4DB-91DB-4B4E-8E86-2AA4A7B7D362}.Release|x86.Build.0 = Release|Win32
		{6585D4DB-91DB-4B4E-8E86-2AA4A7B7D362}.Release-MT|x64.ActiveCfg = Release-MT|x64
		{6585D4DB-91DB-4B4E-8E86-2AA4A7B7D362}.Release-MT|x64.Build.0 = Release-MT|x64
		{6585D4DB-91DB-4B4E-8E86-2AA4A7B7D362}.Release-MT|x86.ActiveCfg = Release-MT|Win32
		{6585D4DB-91DB-4B4E-8E86-2AA4A7B7D362}.Release-MT|x86.Build.0 = Release-MT|Win32
		{F1BCCF81-1FDE-4504-998D-25DC228C8DA8}.Debug|x64.ActiveCfg = Debug|x64
		{F1BCCF81-1FDE-4504-998D-25DC228C8DA8}.Debug|x64.Build.0 = Debug|x64
		{F1BCCF81-1FDE-4504-998D-25DC228C8DA8}.Debug|x86.ActiveCfg = Debug|x64
		{F1BCCF81-1FDE-4504-998D-25DC228C8DA8}.Release|x64.ActiveCfg = Release|x64
		{F1BCCF81-1FDE-4504-998D-25DC228C8DA8}.Release|x64.Build.0 = Release|x64
		{F1BCCF81-1FDE-4504-998D-25DC228C8DA8}.Release|x86.ActiveCfg = Release|x64
		{F1BCCF81-1FDE-4504-998D-25DC228C8DA8}.Release-MT|x64.ActiveCfg = Release-MT|x64
		{F1BCCF81-1FDE-4504-998D-25DC228C8DA8}.Release-MT|x64.Build.0 = Release-MT|x64
		{F1BCCF81-1FDE-4504-998D-25DC228C8DA8}.Release-MT|x86.ActiveCfg = Release-MT|x64
		{68A7D7A6-8D9A-471F-A03C-D136B84D87A9}.Debug|x64.ActiveCfg = Debug|x64
		{68A7D7A6-8D9A-471F-A03C-D136B84D87A9}.Debug|x64.Build.0 = Debug|x64
		{68A7D7A6-8D9A-471F-A03C-D136B84D87A9}.Debug|x86.ActiveCfg = Debug|Win32
		{68A7D7A6-8D9A-471F-A03C-D136B84D87A9}.Debug|x86.Build.0 = Debug|Win32
		{68A7D7A6-8D9A-471F-A03C-D136B84D87A9}.Release|x64.ActiveCfg = Release|x64
		{68A7D7A6-8D9A-471F-A03C-D136B84D87A9}.Release|x64.Build.0 = Release|x64
		{68A7D7A6-8D9A-471F-A03C-D136B84D87A9}.Release|x86.ActiveCfg = Release|Win32
		{68A7D7A6-8D9A-471F-A03C-D136B84D87A9}.Release|x86.Build.0 = Release|Win32
		{68A7D7A6-8D9A-471F-A03C-D136B84D87A9}.Release-MT|x64.ActiveCfg = Release-MT|x64
		{68A7D7A6-8D9A-471F-A03C-D136B84D87A9}.Release-MT|x64.Build.0 = Release-MT|x64
		{68A7D7A6-8D9A-471F-A03C-D136B84D87A9}.Release-MT|x86.ActiveCfg = Release-MT|Win32
		{68A7D7A6-8D9A-471F-A03C-D136B84D87A9}.Release-MT|x86.Build.0 = Release-MT|Win32
		{E892EF45-987E-4500-873A-DCEDF2AD78A8}.Debug|x64.ActiveCfg = Debug|x64
		{E892EF45-987E-4500-873A-DCEDF2AD78A8}.Debug|x64.Build.0 = Debug|x64
		{E892EF45-987E-4500-873A-DCEDF2AD78A8}.Debug|x86.ActiveCfg = Debug|Win32
		{E892EF45-987E-4500-873A-DCEDF2AD78A8}.Debug|x86.Build.0 = Debug|Win32
		{E892EF45-987E-4500-873A-DCEDF2AD78A8}.Release|x64.ActiveCfg = Release|x64
		{E892EF45-987E-4500-873A-DCEDF2AD78A8}.Release|x64.Build.0 = Release|x64
		{E892EF45-987E-4500-873A-DCEDF2AD78A8}.Release|x86.ActiveCfg = Release|Win32
		{E892EF45-987E-4500-873A-DCEDF2AD78A8}.Release|x86.Build.0 = Release|Win32
		{E892EF45-987E-4500-873A-DCEDF2AD78A8}.Release-MT|x64.ActiveCfg = Release-MT|x64
		{E892EF45-987E-4500-873A-DCEDF2AD78A8}.Release-MT|x64.Build.0 = Release-MT|x64
		{E892EF45-987E-4500-873A-DCEDF2AD78A8}.Release-MT|x86.ActiveCfg = Release-MT|Win32
		{E892EF45-987E-4500-873A-DCEDF2AD78A8}.Release-MT|x86.Build.0 = Release-MT|Win32
		{0E98D15B-AF28-4F91-A6B0-8A544907D376}.Debug|x64.ActiveCfg = Debug|x64
		{0E98D15B-AF28-4F91-A6B0-8A544907D376}.Debug|x64.Build.0 = Debug|x64
		{0E98D15B-AF28-4F91-A6B0-8A544907D376}.Debug|x86.ActiveCfg = Debug|Win32
		{0E98D15B-AF28-4F91-A6B0-8A544907D376}.Debug|x86.Build.0 = Debug|Win32
		{0E98D15B-AF28-4F91-A6B0-8A544907D376}.Release|x64.ActiveCfg = Release|x64
		{0E98D15B-AF28-4F91-A6B0-8A544907D376}.Release|x64.Build.0 = Release|x64
		{0E98D15B-AF28-4F91-A6B0-8A544907D376}.Release|x86.ActiveCfg = Release|Win32
		{0E98D15B-AF28-4F91-A6B0-8A544907D376}.Release|x86.Build.0 = Release|Win32
		{0E98D15B-AF28-4F91-A6B0-8A544907D376}.Release-MT|x64.ActiveCfg = Release-MT|x64
		{0E98D15B-AF28-4F91-A6B0-8A544907D376}.Release-MT|x64.Build.0 = Release-MT|x64
		{0E98D15B-AF28-4F91-A6B0-8A544907D376}.Release-MT|x86.ActiveCfg = Release-MT|Win32
		{0E98D15B-AF28-4F91-A6B0-8A544907D376}.Release-MT|x86.Build.0 = Release-MT|Win32
		{5E900A0B-E91E-401B-8B1C-A1AF7067CFBE}.Debug|x64.ActiveCfg = Debug|x64
		{5E900A0B-E91E-401B-8B1C-A1AF7067CFBE}.Debug|x64.Build.0 = Debug|x64
		{5E900A0B-E91E-401B-8B1C-A1AF7067CFBE}.Debug|x86.ActiveCfg = Debug|Win32
		{5E900A0B-E91E-401B-8B1C-A1AF7067CFBE}.Debug|x86.Build.0 = Debug|Win32
		{5E900A0B-E91E-401B-8B1C-A1AF7067CFBE}.Release|x64.ActiveCfg = Release|x64
		{5E900A0B-E91E-401B-8B1C-A1AF7067CFBE}.Release|x64.Build.0 = Release|x64
		{5E900A0B-E91E-401B-8B1C-A1AF7067CFBE}.Release|x86.ActiveCfg = Release|Win32
		{5E900A0B-E91E-401B-8B1C-A1AF7067CFBE}.Release|x86.Build.0 = Release|Win32
		{5E900A0B-E91E-401B-8B1C-A1AF7067CFBE}.Release-MT|x64.ActiveCfg = Release-MT|x64
		{5E900A0B-E91E-401B-8B1C-A1AF7067CFBE}.Release-MT|x64.Build.0 = Release-MT|x64
		{5E900A0B-E91E-401B-8B1C-A1AF7067CFBE}.Release-MT|x86.ActiveCfg = Release-MT|Win32
		{5E900A0B-E91E-401B-8B1C-A1AF7067CFBE}.Release-MT|x86.Build.0 = Release-MT|Win32
		{4F4C32EA-EED8-4E85-88E6-DEA7C85EDF6F}.Debug|x64.ActiveCfg = Debug|x64
		{4F4C32EA-EED8-4E85-88E6-DEA7C85EDF6F}.Debug|x64.Build.0 = Debug|x64
		{4F4C32EA-EED8-4E85-88E6-DEA7C85EDF6F}.Debug|x86.ActiveCfg = Debug|Win32
		{4F4C32EA-EED8-4E85-88E6-DEA7C85EDF6F}.Debug|x86.Build.0 = Debug|Win32
		{4F4C32EA-EED8-4E85-88E6-DEA7C85EDF6F}.Release|x64.ActiveCfg = Release|x64
		{4F4C32EA-EED8-4E85-88E6-DEA7C85EDF6F}.Release|x64.Build.0 = Release|x64
		{4F4C32EA-EED8-4E85-88E6-DEA7C85EDF6F}.Release|x86.ActiveCfg = Release|Win32
		{4F4C32EA-EED8-4E85-88E6-DEA7C85EDF6F}.Release|x86.Build.0 = Release|Win32
		{4F4C32EA-EED8-4E85-88E6-DEA7C85EDF6F}.Release-MT|x64.ActiveCfg = Release-MT|x64
		{4F4C32EA-EED8-4E85-88E6-DEA7C85EDF6F}.Release-MT|x64.Build.0 = Release-MT|x64
		{4F4C32EA-EED8-4E85-88E6-DEA7C85EDF6F}.Release-MT|x86.ActiveCfg = Release-MT|Win32
		{4F4C32EA-EED8-4E85-88E6-DEA7C85EDF6F}.Release-MT|x86.Build.0 = Release-MT|Win32
		{DF53575A-3898-40BE-BA28-D8BE0403127C}.Debug|x64.ActiveCfg = Debug|x64
		{DF53575A-3898-40BE-BA28-D8BE0403127C}.Debug|x64.Build.0 = Debug|x64
		{DF53575A-3898-40BE-BA28-D8BE0403127C}.Debug|x86.ActiveCfg = Debug|Win32
		{DF53575A-3898-40BE-BA28-D8BE0403127C}.Debug|x86.Build.0 = Debug|Win32
		{DF53575A-3898-40BE-BA28-D8BE0403127C}.Release|x64.ActiveCfg = Release|x64
		{DF53575A-3898-40BE-BA28-D8BE0403127C}.Release|x64.Build.0 = Release|x64
		{DF53575A-3898-40BE-BA28-D8BE0403127C}.Release|x86.ActiveCfg = Release|Win32
		{DF53575A-3898-40BE-BA28-D8BE0403127C}.Release|x86.Build.0 = Release|Win32
		{DF53575A-3898-40BE-BA28-D8BE0403127C}.Release-MT|x64.ActiveCfg = Release-MT|x64
		{DF53575A-3898-40BE-BA28-D8BE0403127C}.Release-MT|x64.Build.0 = Release-MT|x64
		{DF53575A-3898-40BE-BA28-D8BE0403127C}.Release-MT|x86.ActiveCfg = Release-MT|Win32
		{DF53575A-3898-40BE-BA28-D8BE0403127C}.Release-MT|x86.Build.0 = Release-MT|Win32
		{EA8D46EC-2DB0-44B9-B6A5-F75536BA2BDE}.Debug|x64.ActiveCfg = Debug|x64
		{EA8D46EC-2DB0-44B9-B6A5-F75536BA2BDE}.Debug|x64.Build.0 = Debug|x64
		{EA8D46EC-2DB0-44B9-B6A5-F75536BA2BDE}.Debug|x86.ActiveCfg = Debug|Win32
		{EA8D46EC-2DB0-44B9-B6A5-F75536BA2BDE}.Debug|x86.Build.0 = Debug|Win32
		{EA8D46EC-2DB0-44B9-B6A5-F75536BA2BDE}.Release|x64.ActiveCfg = Release|x64
		{EA8D46EC-2DB0-44B9-B6A5-F75536BA2BDE}.Release|x64.Build.0 = Release|x64
		{EA8D46EC-2DB0-44B9-B6A5-F75536BA2BDE}.Release|x86.ActiveCfg = Release|Win32
		{EA8D46EC-2DB0-44B9-B6A5-F75536BA2BDE}.Release|x86.Build.0 = Release|Win32
		{EA8D46EC-2DB0-44B9-B6A5-F75536BA2BDE}.Release-MT|x64.ActiveCfg = Release-MT|x64
		{EA8D46EC-2DB0-44B9-B6A5-F75536BA2BDE}.Release-MT|x64.Build.0 = Release-MT|x64
		{EA8D46EC-2DB0-44B9-B6A5-F75536BA2BDE}.Release-MT|x86.ActiveCfg = Release-MT|Win32
		{EA8D46EC-2DB0-44B9-B6A5-F75536BA2BDE}.Release-MT|x86.Build.0 = Release-MT|Win32
		{5EB482B1-B231-41DB-9532-DF324D2674F8}.Debug|x64.ActiveCfg = Debug|x64
		{5EB482B1-B231-41DB-9532-DF324D2674F8}.Debug|x64.Build.0 = Debug|x64
		{5EB482B1-B231-41DB-9532-DF324D2674F8}.Debug|x86.ActiveCfg = Debug|Win32
		{5EB482B1-B231-41DB-9532-DF324D2674F8}.Debug|x86.Build.0 = Debug|Win32
		{5EB482B1-B231-41DB-9532-DF324D2674F8}.Release|x64.ActiveCfg = Release|x64
		{5EB482B1-B231-41DB-9532-DF324D2674F8}.Release|x64.Build.0 = Release|x64
		{5EB482B1-B231-41DB-9532-DF324D2674F8}.Release|x86.ActiveCfg = Release|Win32
		{5EB482B1-B231-41DB-9532-DF324D2674F8}.Release|x86.Build.0 = Release|Win32
		{5EB482B1-B231-41DB-9532-DF324D2674F8}.Release-MT|x64.ActiveCfg = Release-MT|x64
		{5EB482B1-B231-41DB-9532-DF324D2674F8}.Release-MT|x64.Build.0 = Release-MT|x64
		{5EB482B1-B231-41DB-9532-DF324D2674F8}.Release-MT|x86.ActiveCfg = Release-MT|Win32
		{5EB482B1-B231-41DB-9532-DF324D2674F8}.Release-MT|x86.Build.0 = Release-MT|Win32
		{24CD6769-03B6-42F0-A48D-C3DF38DD3275}.Debug|x64.ActiveCfg = Debug|x64
		{24CD6769-03B6-42F0-A48D-C3DF38DD3275}.Debug|x64.Build.0 = Debug|x64
		{24CD6769-03B6-42F0-A48D-C3DF38DD3275}.Debug|x86.ActiveCfg = Debug|Win32
		{24CD6769-03B6-42F0-A48D-C3DF38DD3275}.Debug|x86.Build.0 = Debug|Win32
		{24CD6769-03B6-42F0-A48D-C3DF38DD3275}.Release|x64.ActiveCfg = Release|x64
		{24CD6769-03B6-42F0-A48D-C3DF38DD3275}.Release|x64.Build.0 = Release|x64
		{24CD6769-03B6-42F0-A48D-C3DF38DD3275}.Release|x86.ActiveCfg = Release|Win32
		{24CD6769-03B6-42F0-A48D-C3DF38DD3275}.Release|x86.Build.0 = Release|Win32
		{24CD6769-03B6-42F0-A48D-C3DF38DD3275}.Release-MT|x64.ActiveCfg = Release-MT|x64
		{24CD6769-03B6-42F0-A48D-C3DF38DD3275}.Release-MT|x64.Build.0 = Release-MT|x64
		{24CD6769-03B6-42F0-A48D-C3DF38DD3275}.Release-MT|x86.ActiveCfg = Release-MT|Win32
		{24CD6769-03B6-42F0-A48D-C3DF38DD3275}.Release-MT|x86.Build.0 = Release-MT|Win32
		{2FCA0603-734A-4C23-B96D-794991FBD82C}.Debug|x64.ActiveCfg = Debug|x64
		{2FCA0603-734A-4C23-B96D-794991FBD82C}.Debug|x64.Build.0 = Debug|x64
		{2FCA0603-734A-4C23-B96D-794991FBD82C}.Debug|x86.ActiveCfg = Debug|x64
		{2FCA0603-734A-4C23-B96D-794991FBD82C}.Release|x64.ActiveCfg = Release|x64
		{2FCA0603-734A-4C23-B96D-794991FBD82C}.Release|x64.Build.0 = Release|x64
		{2FCA0603-734A-4C23-B96D-794991FBD82C}.Release|x86.ActiveCfg = Release|x64
		{2FCA0603-734A-4C23-B96D-794991FBD82C}.Release-MT|x64.ActiveCfg = Release-MT|x64
		{2FCA0603-734A-4C23-B96D-794991FBD82C}.Release-MT|x64.Build.0 = Release-MT|x64
		{2FCA0603-734A-4C23-B96D-794991FBD82C}.Release-MT|x86.ActiveCfg = Release-MT|x64
		{7DD5AAE7-DBCF-4D69-9D82-0C868ECD00E8}.Debug|x64.ActiveCfg = Debug|x64
		{7DD5AAE7-DBCF-4D69-9D82-0C868ECD00E8}.Debug|x64.Build.0 = Debug|x64
		{7DD5AAE7-DBCF-4D69-9D82-0C868ECD00E8}.Debug|x86.ActiveCfg = Debug|Win32
		{7DD5AAE7-DBCF-4D69-9D82-0C868ECD00E8}.Debug|x86.Build.0 = Debug|Win32
		{7DD5AAE7-DBCF-4D69-9D82-0C868ECD00E8}.Release|x64.ActiveCfg = Release|x64
		{7DD5AAE7-DBCF-4D69-9D82-0C868ECD00E8}.Release|x64.Build.0 = Release|x64
		{7DD5AAE7-DBCF-4D69-9D82-0C868ECD00E8}.Release|x86.ActiveCfg = Release|Win32
		{7DD5AAE7-DBCF-4D69-9D82-0C868ECD00E8}.Release|x86.Build.0 = Release|Win32
		{7DD5AAE7-DBCF-4D69-9D82-0C868ECD00E8}.Release-MT|x64.ActiveCfg = Release-MT|x64
		{7DD5AAE7-DBCF-4D69-9D82-0C868ECD00E8}.Release-MT|x64.Build.0 = Release-MT|x64
		{7DD5AAE7-DBCF-4D69-9D82-0C868ECD00E8}.Release-MT|x86.ActiveCfg = Release-MT|Win32
		{7DD5AAE7-DBCF-4D69-9D82-0C868ECD00E8}.Release-MT|x86.Build.0 = Release-MT|Win32
		{B44E5587-2ABB-4857-A0E6-A52499D10C26}.Debug|x64.ActiveCfg = Debug|x64
		{B44E5587-2ABB-4857-A0E6-A52499D10C26}.Debug|x64.Build.0 = Debug|x64
		{B44E5587-2ABB-4857-A0E6-A52499D10C26}.Debug|x86.ActiveCfg = Debug|Win32
		{B44E5587-2ABB-4857-A0E6-A52499D10C26}.Debug|x86.Build.0 = Debug|Win32
		{B44E5587-2ABB-4857-A0E6-A52499D10C26}.Release|x64.ActiveCfg = Release|x64
		{B44E5587-2ABB-4857-A0E6-A52499D10C26}.Release|x64.Build.0 = Release|x64
		{B44E5587-2ABB-4857-A0E6-A52499D10C26}.Release|x86.ActiveCfg = Release|Win32
		{B44E5587-2ABB-4857-A0E6-A52499D10C26}.Release|x86.Build.0 = Release|Win32
		{B44E5587-2ABB-4857-A0E6-A52499D10C26}.Release-MT|x64.ActiveCfg = Release-MT|x64
		{B44E5587-2ABB-4857-A0E6-A52499D10C26}.Release-MT|x64.Build.0 = Release-MT|x64
		{B44E5587-2ABB-4857-A0E6-A52499D10C26}.Release-MT|x86.ActiveCfg = Release-MT|Win32
		{B44E5587-2ABB-4857-A0E6-A52499D10C26}.Release-MT|x86.Build.0 = Release-MT|Win32
		{52CB21FD-EB41-484F-B74F-0780D6EA017C}.Debug|x64.ActiveCfg = Debug|x64
		{52CB21FD-EB41-484F-B74F-0780D6EA017C}.Debug|x64.Build.0 = Debug|x64
		{52CB21FD-EB41-484F-B74F-0780D6EA017C}.Debug|x86.ActiveCfg = Debug|Win32
		{52CB21FD-EB41-484F-B74F-0780D6EA017C}.Debug|x86.Build.0 = Debug|Win32
		{52CB21FD-EB41-484F-B74F-0780D6EA017C}.Release|x64.ActiveCfg = Release|x64
		{52CB21FD-EB41-484F-B74F-0780D6EA017C}.Release|x64.Build.0 = Release|x64
		{52CB21FD-EB41-484F-B74F-0780D6EA017C}.Release|x86.ActiveCfg = Release|Win32
		{52CB21FD-EB41-484F-B74F-0780D6EA017C}.Release|x86.Build.0 = Release|Win32
		{52CB21FD-EB41-484F-B74F-0780D6EA017C}.Release-MT|x64.ActiveCfg = Release-MT|x64
		{52CB21FD-EB41-484F-B74F-0780D6EA017C}.Release-MT|x64.Build.0 = Release-MT|x64
		{52CB21FD-EB41-484F-B74F-0780D6EA017C}.Release-MT|x86.ActiveCfg = Release-MT|Win32
		{52CB21FD-EB41-484F-B74F-0780D6EA017C}.Release-MT|x86.Build.0 = Release-MT|Win32
		{E18653F0-FFEF-48A1-90AE-CC6562614526}.Debug|x64.ActiveCfg = Debug|x64
		{E18653F0-FFEF-48A1-90AE-CC6562614526}.Debug|x64.Build.0 = Debug|x64
		{E18653F0-FFEF-48A1-90AE-CC6562614526}.Debug|x86.ActiveCfg = Debug|Win32
		{E18653F0-FFEF-48A1-90AE-CC6562614526}.Debug|x86.Build.0 = Debug|Win32
		{E18653F0-FFEF-48A1-90AE-CC6562614526}.Release|x64.ActiveCfg = Release|x64
		{E18653F0-FFEF-48A1-90AE-CC6562614526}.Release|x64.Build.0 = Release|x64
		{E18653F0-FFEF-48A1-90AE-CC6562614526}.Release|x86.ActiveCfg = Release|Win32
		{E18653F0-FFEF-48A1-90AE-CC6562614526}.Release|x86.Build.0 = Release|Win32
		{E18653F0-FFEF-48A1-90AE-CC6562614526}.Release-MT|x64.ActiveCfg = Release-MT|x64
		{E18653F0-FFEF-48A1-90AE-CC6562614526}.Release-MT|x64.Build.0 = Release-MT|x64
		{E18653F0-FFEF-48A1-90AE-CC6562614526}.Release-MT|x86.ActiveCfg = Release-MT|Win32
		{E18653F0-FFEF-48A1-90AE-CC6562614526}.Release-MT|x86.Build.0 = Release-MT|Win32
		{24A77FF4-0D0C-45AC-A4D1-845BE0006E48}.Debug|x64.ActiveCfg = Debug|x64
		{24A77FF4-0D0C-45AC-A4D1-845BE0006E48}.Debug|x64.Build.0 = Debug|x64
		{24A77FF4-0D0C-45AC-A4D1-845BE0006E48}.Debug|x86.ActiveCfg = Debug|x64
		{24A77FF4-0D0C-45AC-A4D1-845BE0006E48}.Release|x64.ActiveCfg = Release|x64
		{24A77FF4-0D0C-45AC-A4D1-845BE0006E48}.Release|x64.Build.0 = Release|x64
		{24A77FF4-0D0C-45AC-A4D1-845BE0006E48}.Release|x86.ActiveCfg = Release|x64
		{24A77FF4-0D0C-45AC-A4D1-845BE0006E48}.Release-MT|x64.ActiveCfg = Release-MT|x64
		{24A77FF4-0D0C-45AC-A4D1-845BE0006E48}.Release-MT|x64.Build.0 = Release-MT|x64
		{24A77FF4-0D0C-45AC-A4D1-845BE0006E48}.Release-MT|x86.ActiveCfg = Release-MT|x64
		{B64069B0-6049-4E43-B5F0-7B7C6A3EE5A8}.Debug|x64.ActiveCfg = Debug|x64
		{B64069B0-6049-4E43-B5F0-7B7C6A3EE5A8}.Debug|x64.Build.0 = Debug|x64
		{B64069B0-6049-4E43-B5F0-7B7C6A3EE5A8}.Debug|x86.ActiveCfg = Debug|x64
		{B64069B0-6049-4E43-B5F0-7B7C6A3EE5A8}.Release|x64.ActiveCfg = Release|x64
		{B64069B0-6049-4E43-B5F0-7B7C6A3EE5A8}.Release|x64.Build.0 = Release|x64
		{B64069B0-6049-4E43-B5F0-7B7C6A3EE5A8}.Release|x86.ActiveCfg = Release|x64
		{B64069B0-6049-4E43-B5F0-7B7C6A3EE5A8}.Release-MT|x64.ActiveCfg = Release-MT|x64
		{B64069B0-6049-4E43-B5F0-7B7C6A3EE5A8}.Release-MT|x64.Build.0 = Release-MT|x64
		{B64069B0-6049-4E43-B5F0-7B7C6A3EE5A8}.Release-MT|x86.ActiveCfg = Release-MT|x64
		{97918B48-8322-43BF-92D6-ECCA9621EE76}.Debug|x64.ActiveCfg = Debug|x64
		{97918B48-8322-43BF-92D6-ECCA9621EE76}.Debug|x64.Build.0 = Debug|x64
		{97918B48-8322-43BF-92D6-ECCA9621EE76}.Debug|x86.ActiveCfg = Debug|Win32
		{97918B48-8322-43BF-92D6-ECCA9621EE76}.Debug|x86.Build.0 = Debug|Win32
		{97918B48-8322-43BF-92D6-ECCA9621EE76}.Release|x64.ActiveCfg = Release|x64
		{97918B48-8322-43BF-92D6-ECCA9621EE76}.Release|x64.Build.0 = Release|x64
		{97918B48-8322-43BF-92D6-ECCA9621EE76}.Release|x86.ActiveCfg = Release|Win32
		{97918B48-8322-43BF-92D6-ECCA9621EE76}.Release|x86.Build.0 = Release|Win32
		{97918B48-8322-43BF-92D6-ECCA9621EE76}.Release-MT|x64.ActiveCfg = Release-MT|x64
		{97918B48-8322-43BF-92D6-ECCA9621EE76}.Release-MT|x64.Build.0 = Release-MT|x64
		{97918B48-8322-43BF-92D6-ECCA9621EE76}.Release-MT|x86.ActiveCfg = Release-MT|Win32
		{97918B48-8322-43BF-92D6-ECCA9621EE76}.Release-MT|x86.Build.0 = Release-MT|Win32
		{A7067AA4-DFD9-439A-8B04-561FED26BD8D}.Debug|x64.ActiveCfg = Debug|x64
		{A7067AA4-DFD9-439A-8B04-561FED26BD8D}.Debug|x64.Build.0 = Debug|x64
		{A7067AA4-DFD9-439A-8B04-561FED26BD8D}.Debug|x86.ActiveCfg = Debug|x64
		{A7067AA4-DFD9-439A-8B04-561FED26BD8D}.Release|x64.ActiveCfg = Release|x64
		{A7067AA4-DFD9-439A-8B04-561FED26BD8D}.Release|x64.Build.0 = Release|x64
		{A7067AA4-DFD9-439A-8B04-561FED26BD8D}.Release|x86.ActiveCfg = Release|x64
		{A7067AA4-DFD9-439A-8B04-561FED26BD8D}.Release-MT|x64.ActiveCfg = Release-MT|x64
		{A7067AA4-DFD9-439A-8B04-561FED26BD8D}.Release-MT|x64.Build.0 = Release-MT|x64
		{A7067AA4-DFD9-439A-8B04-561FED26BD8D}.Release-MT|x86.ActiveCfg = Release-MT|x64
		{3B9083EB-A40D-4614-AC8E-52FBD6EF3349}.Debug|x64.ActiveCfg = Debug|x64
		{3B9083EB-A40D-4614-AC8E-52FBD6EF3349}.Debug|x64.Build.0 = Debug|x64
		{3B9083EB-A40D-4614-AC8E-52FBD6EF3349}.Debug|x86.ActiveCfg = Debug|Win32
		{3B9083EB-A40D-4614-AC8E-52FBD6EF3349}.Debug|x86.Build.0 = Debug|Win32
		{3B9083EB-A40D-4614-AC8E-52FBD6EF3349}.Release|x64.ActiveCfg = Release|x64
		{3B9083EB-A40D-4614-AC8E-52FBD6EF3349}.Release|x64.Build.0 = Release|x64
		{3B9083EB-A40D-4614-AC8E-52FBD6EF3349}.Release|x86.ActiveCfg = Release|Win32
		{3B9083EB-A40D-4614-AC8E-52FBD6EF3349}.Release|x86.Build.0 = Release|Win32
		{3B9083EB-A40D-4614-AC8E-52FBD6EF3349}.Release-MT|x64.ActiveCfg = Release-MT|x64
		{3B9083EB-A40D-4614-AC8E-52FBD6EF3349}.Release-MT|x64.Build.0 = Release-MT|x64
		{3B9083EB-A40D-4614-AC8E-52FBD6EF3349}.Release-MT|x86.ActiveCfg = Release-MT|Win32
		{3B9083EB-A40D-4614-AC8E-52FBD6EF3349}.Release-MT|x86.Build.0 = Release-MT|Win32
		{D083FA16-AF6A-409F-8A7B-43B782BFFB0F}.Debug|x64.ActiveCfg = Debug|x64
		{D083FA16-AF6A-409F-8A7B-43B782BFFB0F}.Debug|x64.Build.0 = Debug|x64
		{D083FA16-AF6A-409F-8A7B-43B782BFFB0F}.Debug|x86.ActiveCfg = Debug|Win32
		{D083FA16-AF6A-409F-8A7B-43B782BFFB0F}.Debug|x86.Build.0 = Debug|Win32
		{D083FA16-AF6A-409F-8A7B-43B782BFFB0F}.Release|x64.ActiveCfg = Release|x64
		{D083FA16-AF6A-409F-8A7B-43B782BFFB0F}.Release|x64.Build.0 = Release|x64
		{D083FA16-AF6A-409F-8A7B-43B782BFFB0F}.Release|x86.ActiveCfg = Release|Win32
		{D083FA16-AF6A-409F-8A7B-43B782BFFB0F}.Release|x86.Build.0 = Release|Win32
		{D083FA16-AF6A-409F-8A7B-43B782BFFB0F}.Release-MT|x64.ActiveCfg = Release-MT|x64
		{D083FA16-AF6A-409F-8A7B-43B782BFFB0F}.Release-MT|x64.Build.0 = Release-MT|x64
		{D083FA16-AF6A-409F-8A7B-43B782BFFB0F}.Release-MT|x86.ActiveCfg = Release-MT|Win32
		{D083FA16-AF6A-409F-8A7B-43B782BFFB0F}.Release-MT|x86.Build.0 = Release-MT|Win32
		{9857C05E-3174-42F6-AE20-A66113514946}.Debug|x64.ActiveCfg = Debug|x64
		{9857C05E-3174-42F6-AE20-A66113514946}.Debug|x64.Build.0 = Debug|x64
		{9857C05E-3174-42F6-AE20-A66113514946}.Debug|x86.ActiveCfg = Debug|Win32
		{9857C05E-3174-42F6-AE20-A66113514946}.Debug|x86.Build.0 = Debug|Win32
		{9857C05E-3174-42F6-AE20-A66113514946}.Release|x64.ActiveCfg = Release|x64
		{9857C05E-3174-42F6-AE20-A66113514946}.Release|x64.Build.0 = Release|x64
		{9857C05E-3174-42F6-AE20-A66113514946}.Release|x86.ActiveCfg = Release|Win32
		{9857C05E-3174-42F6-AE20-A66113514946}.Release|x86.Build.0 = Release|Win32
		{9857C05E-3174-42F6-AE20-A66113514946}.Release-MT|x64.ActiveCfg = Release-MT|x64
		{9857C05E-3174-42F6-AE20-A66113514946}.Release-MT|x64.Build.0 = Release-MT|x64
		{9857C05E-3174-42F6-AE20-A66113514946}.Release-MT|x86.ActiveCfg = Release-MT|Win32
		{9857C05E-3174-42F6-AE20-A66113514946}.Release-MT|x86.Build.0 = Release-MT|Win32
		{072FB965-D7D5-406C-BF93-EFDAA378C4FD}.Debug|x64.ActiveCfg = Debug|x64
		{072FB965-D7D5-406C-BF93-EFDAA378C4FD}.Debug|x64.Build.0 = Debug|x64
		{072FB965-D7D5-406C-BF93-EFDAA378C4FD}.Debug|x86.ActiveCfg = Debug|x64
		{072FB965-D7D5-406C-BF93-EFDAA378C4FD}.Release|x64.ActiveCfg = Release|x64
		{072FB965-D7D5-406C-BF93-EFDAA378C4FD}.Release|x64.Build.0 = Release|x64
		{072FB965-D7D5-406C-BF93-EFDAA378C4FD}.Release|x86.ActiveCfg = Release|x64
		{072FB965-D7D5-406C-BF93-EFDAA378C4FD}.Release-MT|x64.ActiveCfg = Release-MT|x64
		{072FB965-D7D5-406C-BF93-EFDAA378C4FD}.Release-MT|x64.Build.0 = Release-MT|x64
		{072FB965-D7D5-406C-BF93-EFDAA378C4FD}.Release-MT|x86.ActiveCfg = Release-MT|x64
		{2F37F615-6971-4E25-A7E7-F84C9667FC17}.Debug|x64.ActiveCfg = Debug|x64
		{2F37F615-6971-4E25-A7E7-F84C9667FC17}.Debug|x64.Build.0 = Debug|x64
		{2F37F615-6971-4E25-A7E7-F84C9667FC17}.Debug|x86.ActiveCfg = Debug|Win32
		{2F37F615-6971-4E25-A7E7-F84C9667FC17}.Debug|x86.Build.0 = Debug|Win32
		{2F37F615-6971-4E25-A7E7-F84C9667FC17}.Release|x64.ActiveCfg = Release|x64
		{2F37F615-6971-4E25-A7E7-F84C9667FC17}.Release|x64.Build.0 = Release|x64
		{2F37F615-6971-4E25-A7E7-F84C9667FC17}.Release|x86.ActiveCfg = Release|Win32
		{2F37F615-6971-4E25-A7E7-F84C9667FC17}.Release|x86.Build.0 = Release|Win32
		{2F37F615-6971-4E25-A7E7-F84C9667FC17}.Release-MT|x64.ActiveCfg = Release-MT|x64
		{2F37F615-6971-4E25-A7E7-F84C9667FC17}.Release-MT|x64.Build.0 = Release-MT|x64
		{2F37F615-6971-4E25-A7E7-F84C9667FC17}.Release-MT|x86.ActiveCfg = Release-MT|Win32
		{2F37F615-6971-4E25-A7E7-F84C9667FC17}.Release-MT|x86.Build.0 = Release-MT|Win32
		{EBF5387A-7397-47AE-BF29-ADCF3650796C}.Debug|x64.ActiveCfg = Debug|x64
		{EBF5387A-7397-47AE-BF29-ADCF3650796C}.Debug|x64.Build.0 = Debug|x64
		{EBF5387A-7397-47AE-BF29-ADCF3650796C}.Debug|x86.ActiveCfg = Debug|Win32
		{EBF5387A-7397-47AE-BF29-ADCF3650796C}.Debug|x86.Build.0 = Debug|Win32
		{EBF5387A-7397-47AE-BF29-ADCF3650796C}.Release|x64.ActiveCfg = Release|x64
		{EBF5387A-7397-47AE-BF29-ADCF3650796C}.Release|x64.Build.0 = Release|x64
		{EBF5387A-7397-47AE-BF29-ADCF3650796C}.Release|x86.ActiveCfg = Release|Win32
		{EBF5387A-7397-47AE-BF29-ADCF3650796C}.Release|x86.Build.0 = Release|Win32
		{EBF5387A-7397-47AE-BF29-ADCF3650796C}.Release-MT|x64.ActiveCfg = Release-MT|x64
		{EBF5387A-7397-47AE-BF29-ADCF3650796C}.Release-MT|x64.Build.0 = Release-MT|x64
		{EBF5387A-7397-47AE-BF29-ADCF3650796C}.Release-MT|x86.ActiveCfg = Release-MT|Win32
		{EBF5387A-7397-47AE-BF29-ADCF3650796C}.Release-MT|x86.Build.0 = Release-MT|Win32
		{EEAFB167-BD4D-4CD8-BB63-083C667979D4}.Debug|x64.ActiveCfg = Debug|x64
		{EEAFB167-BD4D-4CD8-BB63-083C667979D4}.Debug|x64.Build.0 = Debug|x64
		{EEAFB167-BD4D-4CD8-BB63-083C667979D4}.Debug|x86.ActiveCfg = Debug|Win32
		{EEAFB167-BD4D-4CD8-BB63-083C667979D4}.Debug|x86.Build.0 = Debug|Win32
		{EEAFB167-BD4D-4CD8-BB63-083C667979D4}.Release|x64.ActiveCfg = Release|x64
		{EEAFB167-BD4D-4CD8-BB63-083C667979D4}.Release|x64.Build.0 = Release|x64
		{EEAFB167-BD4D-4CD8-BB63-083C667979D4}.Release|x86.ActiveCfg = Release|Win32
		{EEAFB167-BD4D-4CD8-BB63-083C667979D4}.Release|x86.Build.0 = Release|Win32
		{EEAFB167-BD4D-4CD8-BB63-083C667979D4}.Release-MT|x64.ActiveCfg = Release-MT|x64
		{EEAFB167-BD4D-4CD8-BB63-083C667979D4}.Release-MT|x64.Build.0 = Release-MT|x64
		{EEAFB167-BD4D-4CD8-BB63-083C667979D4}.Release-MT|x86.ActiveCfg = Release-MT|Win32
		{EEAFB167-BD4D-4CD8-BB63-083C667979D4}.Release-MT|x86.Build.0 = Release-MT|Win32
		{AA6B61AB-FE84-4800-B04E-7470C9773B86}.Debug|x64.ActiveCfg = Debug|x64
		{AA6B61AB-FE84-4800-B04E-7470C9773B86}.Debug|x64.Build.0 = Debug|x64
		{AA6B61AB-FE84-4800-B04E-7470C9773B86}.Debug|x86.ActiveCfg = Debug|Win32
		{AA6B61AB-FE84-4800-B04E-7470C9773B86}.Debug|x86.Build.0 = Debug|Win32
		{AA6B61AB-FE84-4800-B04E-7470C9773B86}.Release|x64.ActiveCfg = Release|x64
		{AA6B61AB-FE84-4800-B04E-7470C9773B86}.Release|x64.Build.0 = Release|x64
		{AA6B61AB-FE84-4800-B04E-7470C9773B86}.Release|x86.ActiveCfg = Release|Win32
		{AA6B61AB-FE84-4800-B04E-7470C9773B86}.Release|x86.Build.0 = Release|Win32
		{AA6B61AB-FE84-4800-B04E-7470C9773B86}.Release-MT|x64.ActiveCfg = Release-MT|x64
		{AA6B61AB-FE84-4800-B04E-7470C9773B86}.Release-MT|x64.Build.0 = Release-MT|x64
		{AA6B61AB-FE84-4800-B04E-7470C9773B86}.Release-MT|x86.ActiveCfg = Release-MT|Win32
		{AA6B61AB-FE84-4800-B04E-7470C9773B86}.Release-MT|x86.Build.0 = Release-MT|Win32
		{7C83E956-B2B9-430B-959E-BA86D9E4E624}.Debug|x64.ActiveCfg = Debug|x64
		{7C83E956-B2B9-430B-959E-BA86D9E4E624}.Debug|x64.Build.0 = Debug|x64
		{7C83E956-B2B9-430B-959E-BA86D9E4E624}.Debug|x86.ActiveCfg = Debug|Win32
		{7C83E956-B2B9-430B-959E-BA86D9E4E624}.Debug|x86.Build.0 = Debug|Win32
		{7C83E956-B2B9-430B-959E-BA86D9E4E624}.Release|x64.ActiveCfg = Release|x64
		{7C83E956-B2B9-430B-959E-BA86D9E4E624}.Release|x64.Build.0 = Release|x64
		{7C83E956-B2B9-430B-959E-BA86D9E4E624}.Release|x86.ActiveCfg = Release|Win32
		{7C83E956-B2B9-430B-959E-BA86D9E4E624}.Release|x86.Build.0 = Release|Win32
		{7C83E956-B2B9-430B-959E-BA86D9E4E624}.Release-MT|x64.ActiveCfg = Release-MT|x64
		{7C83E956-B2B9-430B-959E-BA86D9E4E624}.Release-MT|x64.Build.0 = Release-MT|x64
		{7C83E956-B2B9-430B-959E-BA86D9E4E624}.Release-MT|x86.ActiveCfg = Release-MT|Win32
		{7C83E956-B2B9-430B-959E-BA86D9E4E624}.Release-MT|x86.Build.0 = Release-MT|Win32
		{237FD67B-9D84-415B-ADE7-61D01A74ED16}.Debug|x64.ActiveCfg = Debug|x64
		{237FD67B-9D84-415B-ADE7-61D01A74ED16}.Debug|x64.Build.0 = Debug|x64
		{237FD67B-9D84-415B-ADE7-61D01A74ED16}.Debug|x86.ActiveCfg = Debug|Win32
		{237FD67B-9D84-415B-ADE7-61D01A74ED16}.Debug|x86.Build.0 = Debug|Win32
		{237FD67B-9D84-415B-ADE7-61D01A74ED16}.Release|x64.ActiveCfg = Release|x64
		{237FD67B-9D84-415B-ADE7-61D01A74ED16}.Release|x64.Build.0 = Release|x64
		{237FD67B-9D84-415B-ADE7-61D01A74ED16}.Release|x86.ActiveCfg = Release|Win32
		{237FD67B-9D84-415B-ADE7-61D01A74ED16}.Release|x86.Build.0 = Release|Win32
		{237FD67B-9D84-415B-ADE7-61D01A74ED16}.Release-MT|x64.ActiveCfg = Release-MT|x64
		{237FD67B-9D84-415B-ADE7-61D01A74ED16}.Release-MT|x64.Build.0 = Release-MT|x64
		{237FD67B-9D84-415B-ADE7-61D01A74ED16}.Release-MT|x86.ActiveCfg = Release-MT|Win32
		{237FD67B-9D84-415B-ADE7-61D01A74ED16}.Release-MT|x86.Build.0 = Release-MT|Win32
		{8F86C9BF-D1FC-4619-8480-44010D50BA38}.Debug|x64.ActiveCfg = Debug|x64
		{8F86C9BF-D1FC-4619-8480-44010D50BA38}.Debug|x64.Build.0 = Debug|x64
		{8F86C9BF-D1FC-4619-8480-44010D50BA38}.Debug|x86.ActiveCfg = Debug|Win32
		{8F86C9BF-D1FC-4619-8480-44010D50BA38}.Debug|x86.Build.0 = Debug|Win32
		{8F86C9BF-D1FC-4619-8480-44010D50BA38}.Release|x64.ActiveCfg = Release|x64
		{8F86C9BF-D1FC-4619-8480-44010D50BA38}.Release|x64.Build.0 = Release|x64
		{8F86C9BF-D1FC-4619-8480-44010D50BA38}.Release|x86.ActiveCfg = Release|Win32
		{8F86C9BF-D1FC-4619-8480-44010D50BA38}.Release|x86.Build.0 = Release|Win32
		{8F86C9BF-D1FC-4619-8480-44010D50BA38}.Release-MT|x64.ActiveCfg = Release-MT|x64
		{8F86C9BF-D1FC-4619-8480-44010D50BA38}.Release-MT|x64.Build.0 = Release-MT|x64
		{8F86C9BF-D1FC-4619-8480-44010D50BA38}.Release-MT|x86.ActiveCfg = Release-MT|Win32
		{8F86C9BF-D1FC-4619-8480-44010D50BA38}.Release-MT|x86.Build.0 = Release-MT|Win32
		{5FFF4BF4-9036-4470-A0E0-90990F4D7A69}.Debug|x64.ActiveCfg = Debug|x64
		{5FFF4BF4-9036-4470-A0E0-90990F4D7A69}.Debug|x64.Build.0 = Debug|x64
		{5FFF4BF4-9036-4470-A0E0-90990F4D7A69}.Debug|x86.ActiveCfg = Debug|Win32
		{5FFF4BF4-9036-4470-A0E0-90990F4D7A69}.Debug|x86.Build.0 = Debug|Win32
		{5FFF4BF4-9036-4470-A0E0-90990F4D7A69}.Release|x64.ActiveCfg = Release|x64
		{5FFF4BF4-9036-4470-A0E0-90990F4D7A69}.Release|x64.Build.0 = Release|x64
		{5FFF4BF4-9036-4470-A0E0-90990F4D7A69}.Release|x86.ActiveCfg = Release|Win32
		{5FFF4BF4-9036-4470-A0E0-90990F4D7A69}.Release|x86.Build.0 = Release|Win32
		{5FFF4BF4-9036-4470-A0E0-90990F4D7A69}.Release-MT|x64.ActiveCfg = Release-MT|x64
		{5FFF4BF4-9036-4470-A0E0-90990F4D7A69}.Release-MT|x64.Build.0 = Release-MT|x64
		{5FFF4BF4-9036-4470-A0E0-90990F4D7A69}.Release-MT|x86.ActiveCfg = Release-MT|Win32
		{5FFF4BF4-9036-4470-A0E0-90990F4D7A69}.Release-MT|x86.Build.0 = Release-MT|Win32
		{EB192493-9742-464D-A0AD-C1EF56EE122F}.Debug|x64.ActiveCfg = Debug|x64
		{EB192493-9742-464D-A0AD-C1EF56EE122F}.Debug|x64.Build.0 = Debug|x64
		{EB192493-9742-464D-A0AD-C1EF56EE122F}.Debug|x86.ActiveCfg = Debug|Win32
		{EB192493-9742-464D-A0AD-C1EF56EE122F}.Debug|x86.Build.0 = Debug|Win32
		{EB192493-9742-464D-A0AD-C1EF56EE122F}.Release|x64.ActiveCfg = Release|x64
		{EB192493-9742-464D-A0AD-C1EF56EE122F}.Release|x64.Build.0 = Release|x64
		{EB192493-9742-464D-A0AD-C1EF56EE122F}.Release|x86.ActiveCfg = Release|Win32
		{EB192493-9742-464D-A0AD-C1EF56EE122F}.Release|x86.Build.0 = Release|Win32
		{EB192493-9742-464D-A0AD-C1EF56EE122F}.Release-MT|x64.ActiveCfg = Release-MT|x64
		{EB192493-9742-464D-A0AD-C1EF56EE122F}.Release-MT|x64.Build.0 = Release-MT|x64
		{EB192493-9742-464D-A0AD-C1EF56EE122F}.Release-MT|x86.ActiveCfg = Release-MT|Win32
		{EB192493-9742-464D-A0AD-C1EF56EE122F}.Release-MT|x86.Build.0 = Release-MT|Win32
		{A03946F0-46CA-4B50-967F-95B8ADC6402F}.Debug|x64.ActiveCfg = Debug|x64
		{A03946F0-46CA-4B50-967F-95B8ADC6402F}.Debug|x64.Build.0 = Debug|x64
		{A03946F0-46CA-4B50-967F-95B8ADC6402F}.Debug|x86.ActiveCfg = Debug|Win32
		{A03946F0-46CA-4B50-967F-95B8ADC6402F}.Debug|x86.Build.0 = Debug|Win32
		{A03946F0-46CA-4B50-967F-95B8ADC6402F}.Release|x64.ActiveCfg = Release|x64
		{A03946F0-46CA-4B50-967F-95B8ADC6402F}.Release|x64.Build.0 = Release|x64
		{A03946F0-46CA-4B50-967F-95B8ADC6402F}.Release|x86.ActiveCfg = Release|Win32
		{A03946F0-46CA-4B50-967F-95B8ADC6402F}.Release|x86.Build.0 = Release|Win32
		{A03946F0-46CA-4B50-967F-95B8ADC6402F}.Release-MT|x64.ActiveCfg = Release-MT|x64
		{A03946F0-46CA-4B50-967F-95B8ADC6402F}.Release-MT|x64.Build.0 = Release-MT|x64
		{A03946F0-46CA-4B50-967F-95B8ADC6402F}.Release-MT|x86.ActiveCfg = Release-MT|Win32
		{A03946F0-46CA-4B50-967F-95B8ADC6402F}.Release-MT|x86.Build.0 = Release-MT|Win32
		{D0FDBB96-04C3-4085-869E-76DA167D012A}.Debug|x64.ActiveCfg = Debug|x64
		{D0FDBB96-04C3-4085-869E-76DA167D012A}.Debug|x64.Build.0 = Debug|x64
		{D0FDBB96-04C3-4085-869E-76DA167D012A}.Debug|x86.ActiveCfg = Debug|Win32
		{D0FDBB96-04C3-4085-869E-76DA167D012A}.Debug|x86.Build.0 = Debug|Win32
		{D0FDBB96-04C3-4085-869E-76DA167D012A}.Release|x64.ActiveCfg = Release|x64
		{D0FDBB96-04C3-4085-869E-76DA167D012A}.Release|x64.Build.0 = Release|x64
		{D0FDBB96-04C3-4085-869E-76DA167D012A}.Release|x86.ActiveCfg = Release|Win32
		{D0FDBB96-04C3-4085-869E-76DA167D012A}.Release|x86.Build.0 = Release|Win32
		{D0FDBB96-04C3-4085-869E-76DA167D012A}.Release-MT|x64.ActiveCfg = Release-MT|x64
		{D0FDBB96-04C3-4085-869E-76DA167D012A}.Release-MT|x64.Build.0 = Release-MT|x64
		{D0FDBB96-04C3-4085-869E-76DA167D012A}.Release-MT|x86.ActiveCfg = Release-MT|Win32
		{D0FDBB96-04C3-4085-869E-76DA167D012A}.Release-MT|x86.Build.0 = Release-MT|Win32
		{E3EA288E-34E1-44C1-BE43-BB2F4F1F8344}.Debug|x64.ActiveCfg = Debug|x64
		{E3EA288E-34E1-44C1-BE43-BB2F4F1F8344}.Debug|x64.Build.0 = Debug|x64
		{E3EA288E-34E1-44C1-BE43-BB2F4F1F8344}.Debug|x86.ActiveCfg = Debug|Win32
		{E3EA288E-34E1-44C1-BE43-BB2F4F1F8344}.Debug|x86.Build.0 = Debug|Win32
		{E3EA288E-34E1-44C1-BE43-BB2F4F1F8344}.Release|x64.ActiveCfg = Release|x64
		{E3EA288E-34E1-44C1-BE43-BB2F4F1F8344}.Release|x64.Build.0 = Release|x64
		{E3EA288E-34E1-44C1-BE43-BB2F4F1F8344}.Release|x86.ActiveCfg = Release|Win32
		{E3EA288E-34E1-44C1-BE43-BB2F4F1F8344}.Release|x86.Build.0 = Release|Win32
		{E3EA288E-34E1-44C1-BE43-BB2F4F1F8344}.Release-MT|x64.ActiveCfg = Release-MT|x64
		{E3EA288E-34E1-44C1-BE43-BB2F4F1F8344}.Release-MT|x64.Build.0 = Release-MT|x64
		{E3EA288E-34E1-44C1-BE43-BB2F4F1F8344}.Release-MT|x86.ActiveCfg = Release-MT|Win32
		{E3EA288E-34E1-44C1-BE43-BB2F4F1F8344}.Release-MT|x86.Build.0 = Release-MT|Win32
		{3AF9C08C-1DE7-4B2C-8980-B34A0A308454}.Debug|x64.ActiveCfg = Debug|x64
		{3AF9C08C-1DE7-4B2C-8980-B34A0A308454}.Debug|x64.Build.0 = Debug|x64
		{3AF9C08C-1DE7-4B2C-8980-B34A0A308454}.Debug|x86.ActiveCfg = Debug|Win32
		{3AF9C08C-1DE7-4B2C-8980-B34A0A308454}.Debug|x86.Build.0 = Debug|Win32
		{3AF9C08C-1DE7-4B2C-8980-B34A0A308454}.Release|x64.ActiveCfg = Release|x64
		{3AF9C08C-1DE7-4B2C-8980-B34A0A308454}.Release|x64.Build.0 = Release|x64
		{3AF9C08C-1DE7-4B2C-8980-B34A0A308454}.Release|x86.ActiveCfg = Release|Win32
		{3AF9C08C-1DE7-4B2C-8980-B34A0A308454}.Release|x86.Build.0 = Release|Win32
		{3AF9C08C-1DE7-4B2C-8980-B34A0A308454}.Release-MT|x64.ActiveCfg = Release-MT|x64
		{3AF9C08C-1DE7-4B2C-8980-B34A0A308454}.Release-MT|x64.Build.0 = Release-MT|x64
		{3AF9C08C-1DE7-4B2C-8980-B34A0A308454}.Release-MT|x86.ActiveCfg = Release-MT|Win32
		{3AF9C08C-1DE7-4B2C-8980-B34A0A308454}.Release-MT|x86.Build.0 = Release-MT|Win32
		{0F55E445-AB58-4B3E-B2D9-92C0C2C4013E}.Debug|x64.ActiveCfg = Debug|x64
		{0F55E445-AB58-4B3E-B2D9-92C0C2C4013E}.Debug|x64.Build.0 = Debug|x64
		{0F55E445-AB58-4B3E-B2D9-92C0C2C4013E}.Debug|x86.ActiveCfg = Debug|Win32
		{0F55E445-AB58-4B3E-B2D9-92C0C2C4013E}.Debug|x86.Build.0 = Debug|Win32
		{0F55E445-AB58-4B3E-B2D9-92C0C2C4013E}.Release|x64.ActiveCfg = Release|x64
		{0F55E445-AB58-4B3E-B2D9-92C0C2C4013E}.Release|x64.Build.0 = Release|x64
		{0F55E445-AB58-4B3E-B2D9-92C0C2C4013E}.Release|x86.ActiveCfg = Release|Win32
		{0F55E445-AB58-4B3E-B2D9-92C0C2C4013E}.Release|x86.Build.0 = Release|Win32
		{0F55E445-AB58-4B3E-B2D9-92C0C2C4013E}.Release-MT|x64.ActiveCfg = Release-MT|x64
		{0F55E445-AB58-4B3E-B2D9-92C0C2C4013E}.Release-MT|x64.Build.0 = Release-MT|x64
		{0F55E445-AB58-4B3E-B2D9-92C0C2C4013E}.Release-MT|x86.ActiveCfg = Release-MT|Win32
		{0F55E445-AB58-4B3E-B2D9-92C0C2C4013E}.Release-MT|x86.Build.0 = Release-MT|Win32
		{12CE4732-9565-4A94-BA30-EB26CA530AAD}.Debug|x64.ActiveCfg = Debug|x64
		{12CE4732-9565-4A94-BA30-EB26CA530AAD}.Debug|x64.Build.0 = Debug|x64
		{12CE4732-9565-4A94-BA30-EB26CA530AAD}.Debug|x86.ActiveCfg = Debug|Win32
		{12CE4732-9565-4A94-BA30-EB26CA530AAD}.Debug|x86.Build.0 = Debug|Win32
		{12CE4732-9565-4A94-BA30-EB26CA530AAD}.Release|x64.ActiveCfg = Release|x64
		{12CE4732-9565-4A94-BA30-EB26CA530AAD}.Release|x64.Build.0 = Release|x64
		{12CE4732-9565-4A94-BA30-EB26CA530AAD}.Release|x86.ActiveCfg = Release|Win32
		{12CE4732-9565-4A94-BA30-EB26CA530AAD}.Release|x86.Build.0 = Release|Win32
		{12CE4732-9565-4A94-BA30-EB26CA530AAD}.Release-MT|x64.ActiveCfg = Release-MT|x64
		{12CE4732-9565-4A94-BA30-EB26CA530AAD}.Release-MT|x64.Build.0 = Release-MT|x64
		{12CE4732-9565-4A94-BA30-EB26CA530AAD}.Release-MT|x86.ActiveCfg = Release-MT|Win32
		{12CE4732-9565-4A94-BA30-EB26CA530AAD}.Release-MT|x86.Build.0 = Release-MT|Win32
		{AB4B1925-42DA-49A6-B439-EBF997C564A3}.Debug|x64.ActiveCfg = Debug|x64
		{AB4B1925-42DA-49A6-B439-EBF997C564A3}.Debug|x64.Build.0 = Debug|x64
		{AB4B1925-42DA-49A6-B439-EBF997C564A3}.Debug|x86.ActiveCfg = Debug|Win32
		{AB4B1925-42DA-49A6-B439-EBF997C564A3}.Debug|x86.Build.0 = Debug|Win32
		{AB4B1925-42DA-49A6-B439-EBF997C564A3}.Release|x64.ActiveCfg = Release|x64
		{AB4B1925-42DA-49A6-B439-EBF997C564A3}.Release|x64.Build.0 = Release|x64
		{AB4B1925-42DA-49A6-B439-EBF997C564A3}.Release|x86.ActiveCfg = Release|Win32
		{AB4B1925-42DA-49A6-B439-EBF997C564A3}.Release|x86.Build.0 = Release|Win32
		{AB4B1925-42DA-49A6-B439-EBF997C564A3}.Release-MT|x64.ActiveCfg = Release-MT|x64
		{AB4B1925-42DA-49A6-B439-EBF997C564A3}.Release-MT|x64.Build.0 = Release-MT|x64
		{AB4B1925-42DA-49A6-B439-EBF997C564A3}.Release-MT|x86.ActiveCfg = Release-MT|Win32
		{AB4B1925-42DA-49A6-B439-EBF997C564A3}.Release-MT|x86.Build.0 = Release-MT|Win32
		{A48F2124-FDA5-4D0D-92F6-CF1EE3166A92}.Debug|x64.ActiveCfg = Debug|x64
		{A48F2124-FDA5-4D0D-92F6-CF1EE3166A92}.Debug|x64.Build.0 = Debug|x64
		{A48F2124-FDA5-4D0D-92F6-CF1EE3166A92}.Debug|x86.ActiveCfg = Debug|Win32
		{A48F2124-FDA5-4D0D-92F6-CF1EE3166A92}.Debug|x86.Build.0 = Debug|Win32
		{A48F2124-FDA5-4D0D-92F6-CF1EE3166A92}.Release|x64.ActiveCfg = Release|x64
		{A48F2124-FDA5-4D0D-92F6-CF1EE3166A92}.Release|x64.Build.0 = Release|x64
		{A48F2124-FDA5-4D0D-92F6-CF1EE3166A92}.Release|x86.ActiveCfg = Release|Win32
		{A48F2124-FDA5-4D0D-92F6-CF1EE3166A92}.Release|x86.Build.0 = Release|Win32
		{A48F2124-FDA5-4D0D-92F6-CF1EE3166A92}.Release-MT|x64.ActiveCfg = Release-MT|x64
		{A48F2124-FDA5-4D0D-92F6-CF1EE3166A92}.Release-MT|x64.Build.0 = Release-MT|x64
		{A48F2124-FDA5-4D0D-92F6-CF1EE3166A92}.Release-MT|x86.ActiveCfg = Release-MT|Win32
		{A48F2124-FDA5-4D0D-92F6-CF1EE3166A92}.Release-MT|x86.Build.0 = Release-MT|Win32
		{02C2B344-DDBA-4CA4-8B09-91F4B061D7A8}.Debug|x64.ActiveCfg = Debug|x64
		{02C2B344-DDBA-4CA4-8B09-91F4B061D7A8}.Debug|x64.Build.0 = Debug|x64
		{02C2B344-DDBA-4CA4-8B09-91F4B061D7A8}.Debug|x86.ActiveCfg = Debug|Win32
		{02C2B344-DDBA-4CA4-8B09-91F4B061D7A8}.Debug|x86.Build.0 = Debug|Win32
		{02C2B344-DDBA-4CA4-8B09-91F4B061D7A8}.Release|x64.ActiveCfg = Release|x64
		{02C2B344-DDBA-4CA4-8B09-91F4B061D7A8}.Release|x64.Build.0 = Release|x64
		{02C2B344-DDBA-4CA4-8B09-91F4B061D7A8}.Release|x86.ActiveCfg = Release|Win32
		{02C2B344-DDBA-4CA4-8B09-91F4B061D7A8}.Release|x86.Build.0 = Release|Win32
		{02C2B344-DDBA-4CA4-8B09-91F4B061D7A8}.Release-MT|x64.ActiveCfg = Release-MT|x64
		{02C2B344-DDBA-4CA4-8B09-91F4B061D7A8}.Release-MT|x64.Build.0 = Release-MT|x64
		{02C2B344-DDBA-4CA4-8B09-91F4B061D7A8}.Release-MT|x86.ActiveCfg = Release-MT|Win32
		{02C2B344-DDBA-4CA4-8B09-91F4B061D7A8}.Release-MT|x86.Build.0 = Release-MT|Win32
		{22B65B86-5251-4F16-BB10-B6550F974FA3}.Debug|x64.ActiveCfg = Debug|x64
		{22B65B86-5251-4F16-BB10-B6550F974FA3}.Debug|x64.Build.0 = Debug|x64
		{22B65B86-5251-4F16-BB10-B6550F974FA3}.Debug|x86.ActiveCfg = Debug|Win32
		{22B65B86-5251-4F16-BB10-B6550F974FA3}.Debug|x86.Build.0 = Debug|Win32
		{22B65B86-5251-4F16-BB10-B6550F974FA3}.Release|x64.ActiveCfg = Release|x64
		{22B65B86-5251-4F16-BB10-B6550F974FA3}.Release|x64.Build.0 = Release|x64
		{22B65B86-5251-4F16-BB10-B6550F974FA3}.Release|x86.ActiveCfg = Release|Win32
		{22B65B86-5251-4F16-BB10-B6550F974FA3}.Release|x86.Build.0 = Release|Win32
		{22B65B86-5251-4F16-BB10-B6550F974FA3}.Release-MT|x64.ActiveCfg = Release-MT|x64
		{22B65B86-5251-4F16-BB10-B6550F974FA3}.Release-MT|x64.Build.0 = Release-MT|x64
		{22B65B86-5251-4F16-BB10-B6550F974FA3}.Release-MT|x86.ActiveCfg = Release-MT|Win32
		{22B65B86-5251-4F16-BB10-B6550F974FA3}.Release-MT|x86.Build.0 = Release-MT|Win32
		{B50A9D90-4F2C-42CD-A516-2CF8740F959D}.Debug|x64.ActiveCfg = Debug|x64
		{B50A9D90-4F2C-42CD-A516-2CF8740F959D}.Debug|x64.Build.0 = Debug|x64
		{B50A9D90-4F2C-42CD-A516-2CF8740F959D}.Debug|x86.ActiveCfg = Debug|Win32
		{B50A9D90-4F2C-42CD-A516-2CF8740F959D}.Debug|x86.Build.0 = Debug|Win32
		{B50A9D90-4F2C-42CD-A516-2CF8740F959D}.Release|x64.ActiveCfg = Release|x64
		{B50A9D90-4F2C-42CD-A516-2CF8740F959D}.Release|x64.Build.0 = Release|x64
		{B50A9D90-4F2C-42CD-A516-2CF8740F959D}.Release|x86.ActiveCfg = Release|Win32
		{B50A9D90-4F2C-42CD-A516-2CF8740F959D}.Release|x86.Build.0 = Release|Win32
		{B50A9D90-4F2C-42CD-A516-2CF8740F959D}.Release-MT|x64.ActiveCfg = Release-MT|x64
		{B50A9D90-4F2C-42CD-A516-2CF8740F959D}.Release-MT|x64.Build.0 = Release-MT|x64
		{B50A9D90-4F2C-42CD-A516-2CF8740F959D}.Release-MT|x86.ActiveCfg = Release-MT|Win32
		{B50A9D90-4F2C-42CD-A516-2CF8740F959D}.Release-MT|x86.Build.0 = Release-MT|Win32
		{007D3F7D-3D91-4B4D-BECE-DC9F75F3B184}.Debug|x64.ActiveCfg = Debug|x64
		{007D3F7D-3D91-4B4D-BECE-DC9F75F3B184}.Debug|x64.Build.0 = Debug|x64
		{007D3F7D-3D91-4B4D-BECE-DC9F75F3B184}.Debug|x86.ActiveCfg = Debug|Win32
		{007D3F7D-3D91-4B4D-BECE-DC9F75F3B184}.Debug|x86.Build.0 = Debug|Win32
		{007D3F7D-3D91-4B4D-BECE-DC9F75F3B184}.Release|x64.ActiveCfg = Release|x64
		{007D3F7D-3D91-4B4D-BECE-DC9F75F3B184}.Release|x64.Build.0 = Release|x64
		{007D3F7D-3D91-4B4D-BECE-DC9F75F3B184}.Release|x86.ActiveCfg = Release|Win32
		{007D3F7D-3D91-4B4D-BECE-DC9F75F3B184}.Release|x86.Build.0 = Release|Win32
		{007D3F7D-3D91-4B4D-BECE-DC9F75F3B184}.Release-MT|x64.ActiveCfg = Release-MT|x64
		{007D3F7D-3D91-4B4D-BECE-DC9F75F3B184}.Release-MT|x64.Build.0 = Release-MT|x64
		{007D3F7D-3D91-4B4D-BECE-DC9F75F3B184}.Release-MT|x86.ActiveCfg = Release-MT|Win32
		{007D3F7D-3D91-4B4D-BECE-DC9F75F3B184}.Release-MT|x86.Build.0 = Release-MT|Win32
		{CAC5DEDC-2E7E-48DF-984E-9E65F0375230}.Debug|x64.ActiveCfg = Debug|x64
		{CAC5DEDC-2E7E-48DF-984E-9E65F0375230}.Debug|x64.Build.0 = Debug|x64
		{CAC5DEDC-2E7E-48DF-984E-9E65F0375230}.Debug|x86.ActiveCfg = Debug|Win32
		{CAC5DEDC-2E7E-48DF-984E-9E65F0375230}.Debug|x86.Build.0 = Debug|Win32
		{CAC5DEDC-2E7E-48DF-984E-9E65F0375230}.Release|x64.ActiveCfg = Release|x64
		{CAC5DEDC-2E7E-48DF-984E-9E65F0375230}.Release|x64.Build.0 = Release|x64
		{CAC5DEDC-2E7E-48DF-984E-9E65F0375230}.Release|x86.ActiveCfg = Release|Win32
		{CAC5DEDC-2E7E-48DF-984E-9E65F0375230}.Release|x86.Build.0 = Release|Win32
		{CAC5DEDC-2E7E-48DF-984E-9E65F0375230}.Release-MT|x64.ActiveCfg = Release-MT|x64
		{CAC5DEDC-2E7E-48DF-984E-9E65F0375230}.Release-MT|x64.Build.0 = Release-MT|x64
		{CAC5DEDC-2E7E-48DF-984E-9E65F0375230}.Release-MT|x86.ActiveCfg = Release-MT|Win32
		{CAC5DEDC-2E7E-48DF-984E-9E65F0375230}.Release-MT|x86.Build.0 = Release-MT|Win32
		{81DD7657-558F-48CC-8F7C-A1C10D68E7F8}.Debug|x64.ActiveCfg = Debug|x64
		{81DD7657-558F-48CC-8F7C-A1C10D68E7F8}.Debug|x64.Build.0 = Debug|x64
		{81DD7657-558F-48CC-8F7C-A1C10D68E7F8}.Debug|x86.ActiveCfg = Debug|Win32
		{81DD7657-558F-48CC-8F7C-A1C10D68E7F8}.Debug|x86.Build.0 = Debug|Win32
		{81DD7657-558F-48CC-8F7C-A1C10D68E7F8}.Release|x64.ActiveCfg = Release|x64
		{81DD7657-558F-48CC-8F7C-A1C10D68E7F8}.Release|x64.Build.0 = Release|x64
		{81DD7657-558F-48CC-8F7C-A1C10D68E7F8}.Release|x86.ActiveCfg = Release|Win32
		{81DD7657-558F-48CC-8F7C-A1C10D68E7F8}.Release|x86.Build.0 = Release|Win32
		{81DD7657-558F-48CC-8F7C-A1C10D68E7F8}.Release-MT|x64.ActiveCfg = Release-MT|x64
		{81DD7657-558F-48CC-8F7C-A1C10D68E7F8}.Release-MT|x64.Build.0 = Release-MT|x64
		{81DD7657-558F-48CC-8F7C-A1C10D68E7F8}.Release-MT|x86.ActiveCfg = Release-MT|Win32
		{81DD7657-558F-48CC-8F7C-A1C10D68E7F8}.Release-MT|x86.Build.0 = Release-MT|Win32
		{D29C628E-C486-467B-B09E-29206F95A625}.Debug|x64.ActiveCfg = Debug|x64
		{D29C628E-C486-467B-B09E-29206F95A625}.Debug|x64.Build.0 = Debug|x64
		{D29C628E-C486-467B-B09E-29206F95A625}.Debug|x86.ActiveCfg = Debug|Win32
		{D29C628E-C486-467B-B09E-29206F95A625}.Debug|x86.Build.0 = Debug|Win32
		{D29C628E-C486-467B-B09E-29206F95A625}.Release|x64.ActiveCfg = Release|x64
		{D29C628E-C486-467B-B09E-29206F95A625}.Release|x64.Build.0 = Release|x64
		{D29C628E-C486-467B-B09E-29206F95A625}.Release|x86.ActiveCfg = Release|Win32
		{D29C628E-C486-467B-B09E-29206F95A625}.Release|x86.Build.0 = Release|Win32
		{D29C628E-C486-467B-B09E-29206F95A625}.Release-MT|x64.ActiveCfg = Release-MT|x64
		{D29C628E-C486-467B-B09E-29206F95A625}.Release-MT|x64.Build.0 = Release-MT|x64
		{D29C628E-C486-467B-B09E-29206F95A625}.Release-MT|x86.ActiveCfg = Release-MT|Win32
		{D29C628E-C486-467B-B09E-29206F95A625}.Release-MT|x86.Build.0 = Release-MT|Win32
		{B90C5834-E60D-4E09-A286-44C8004ADF7E}.Debug|x64.ActiveCfg = Debug|x64
		{B90C5834-E60D-4E09-A286-44C8004ADF7E}.Debug|x64.Build.0 = Debug|x64
		{B90C5834-E60D-4E09-A286-44C8004ADF7E}.Debug|x86.ActiveCfg = Debug|x64
		{B90C5834-E60D-4E09-A286-44C8004ADF7E}.Release|x64.ActiveCfg = Release|x64
		{B90C5834-E60D-4E09-A286-44C8004ADF7E}.Release|x64.Build.0 = Release|x64
		{B90C5834-E60D-4E09-A286-44C8004ADF7E}.Release|x86.ActiveCfg = Release|x64
		{B90C5834-E60D-4E09-A286-44C8004ADF7E}.Release-MT|x64.ActiveCfg = Release-MT|x64
		{B90C5834-E60D-4E09-A286-44C8004ADF7E}.Release-MT|x64.Build.0 = Release-MT|x64
		{B90C5834-E60D-4E09-A286-44C8004ADF7E}.Release-MT|x86.ActiveCfg = Release-MT|x64
		{2BD2347F-DEA3-4D20-8011-55ECF78D8ECE}.Debug|x64.ActiveCfg = Debug|x64
		{2BD2347F-DEA3-4D20-8011-55ECF78D8ECE}.Debug|x64.Build.0 = Debug|x64
		{2BD2347F-DEA3-4D20-8011-55ECF78D8ECE}.Debug|x86.ActiveCfg = Debug|Win32
		{2BD2347F-DEA3-4D20-8011-55ECF78D8ECE}.Debug|x86.Build.0 = Debug|Win32
		{2BD2347F-DEA3-4D20-8011-55ECF78D8ECE}.Release|x64.ActiveCfg = Release|x64
		{2BD2347F-DEA3-4D20-8011-55ECF78D8ECE}.Release|x64.Build.0 = Release|x64
		{2BD2347F-DEA3-4D20-8011-55ECF78D8ECE}.Release|x86.ActiveCfg = Release|Win32
		{2BD2347F-DEA3-4D20-8011-55ECF78D8ECE}.Release|x86.Build.0 = Release|Win32
		{2BD2347F-DEA3-4D20-8011-55ECF78D8ECE}.Release-MT|x64.ActiveCfg = Release-MT|x64
		{2BD2347F-DEA3-4D20-8011-55ECF78D8ECE}.Release-MT|x64.Build.0 = Release-MT|x64
		{2BD2347F-DEA3-4D20-8011-55ECF78D8ECE}.Release-MT|x86.ActiveCfg = Release-MT|Win32
		{2BD2347F-DEA3-4D20-8011-55ECF78D8ECE}.Release-MT|x86.Build.0 = Release-MT|Win32
		{AFFB60C8-86E8-4430-B6BE-1A7718ECA91F}.Debug|x64.ActiveCfg = Debug|x64
		{AFFB60C8-86E8-4430-B6BE-1A7718ECA91F}.Debug|x64.Build.0 = Debug|x64
		{AFFB60C8-86E8-4430-B6BE-1A7718ECA91F}.Debug|x86.ActiveCfg = Debug|Win32
		{AFFB60C8-86E8-4430-B6BE-1A7718ECA91F}.Debug|x86.Build.0 = Debug|Win32
		{AFFB60C8-86E8-4430-B6BE-1A7718ECA91F}.Release|x64.ActiveCfg = Release|x64
		{AFFB60C8-86E8-4430-B6BE-1A7718ECA91F}.Release|x64.Build.0 = Release|x64
		{AFFB60C8-86E8-4430-B6BE-1A7718ECA91F}.Release|x86.ActiveCfg = Release|Win32
		{AFFB60C8-86E8-4430-B6BE-1A7718ECA91F}.Release|x86.Build.0 = Release|Win32
		{AFFB60C8-86E8-4430-B6BE-1A7718ECA91F}.Release-MT|x64.ActiveCfg = Release-MT|x64
		{AFFB60C8-86E8-4430-B6BE-1A7718ECA91F}.Release-MT|x64.Build.0 = Release-MT|x64
		{AFFB60C8-86E8-4430-B6BE-1A7718ECA91F}.Release-MT|x86.ActiveCfg = Release-MT|Win32
		{AFFB60C8-86E8-4430-B6BE-1A7718ECA91F}.Release-MT|x86.Build.0 = Release-MT|Win32
		{BAE8007C-AB1B-48E5-BF0A-EC02BC377CB6}.Debug|x64.ActiveCfg = Debug|x64
		{BAE8007C-AB1B-48E5-BF0A-EC02BC377CB6}.Debug|x64.Build.0 = Debug|x64
		{BAE8007C-AB1B-48E5-BF0A-EC02BC377CB6}.Debug|x86.ActiveCfg = Debug|Win32
		{BAE8007C-AB1B-48E5-BF0A-EC02BC377CB6}.Debug|x86.Build.0 = Debug|Win32
		{BAE8007C-AB1B-48E5-BF0A-EC02BC377CB6}.Release|x64.ActiveCfg = Release|x64
		{BAE8007C-AB1B-48E5-BF0A-EC02BC377CB6}.Release|x64.Build.0 = Release|x64
		{BAE8007C-AB1B-48E5-BF0A-EC02BC377CB6}.Release|x86.ActiveCfg = Release|Win32
		{BAE8007C-AB1B-48E5-BF0A-EC02BC377CB6}.Release|x86.Build.0 = Release|Win32
		{BAE8007C-AB1B-48E5-BF0A-EC02BC377CB6}.Release-MT|x64.ActiveCfg = Release-MT|x64
		{BAE8007C-AB1B-48E5-BF0A-EC02BC377CB6}.Release-MT|x64.Build.0 = Release-MT|x64
		{BAE8007C-AB1B-48E5-BF0A-EC02BC377CB6}.Release-MT|x86.ActiveCfg = Release-MT|Win32
		{BAE8007C-AB1B-48E5-BF0A-EC02BC377CB6}.Release-MT|x86.Build.0 = Release-MT|Win32
		{8D0EAFDA-73D9-49E9-9D64-F1C32FE164CC}.Debug|x64.ActiveCfg = Debug|x64
		{8D0EAFDA-73D9-49E9-9D64-F1C32FE164CC}.Debug|x64.Build.0 = Debug|x64
		{8D0EAFDA-73D9-49E9-9D64-F1C32FE164CC}.Debug|x86.ActiveCfg = Debug|Win32
		{8D0EAFDA-73D9-49E9-9D64-F1C32FE164CC}.Debug|x86.Build.0 = Debug|Win32
		{8D0EAFDA-73D9-49E9-9D64-F1C32FE164CC}.Release|x64.ActiveCfg = Release|x64
		{8D0EAFDA-73D9-49E9-9D64-F1C32FE164CC}.Release|x64.Build.0 = Release|x64
		{8D0EAFDA-73D9-49E9-9D64-F1C32FE164CC}.Release|x86.ActiveCfg = Release|Win32
		{8D0EAFDA-73D9-49E9-9D64-F1C32FE164CC}.Release|x86.Build.0 = Release|Win32
		{8D0EAFDA-73D9-49E9-9D64-F1C32FE164CC}.Release-MT|x64.ActiveCfg = Release-MT|x64
		{8D0EAFDA-73D9-49E9-9D64-F1C32FE164CC}.Release-MT|x64.Build.0 = Release-MT|x64
		{8D0EAFDA-73D9-49E9-9D64-F1C32FE164CC}.Release-MT|x86.ActiveCfg = Release-MT|Win32
		{8D0EAFDA-73D9-49E9-9D64-F1C32FE164CC}.Release-MT|x86.Build.0 = Release-MT|Win32
		{81DE57D1-C408-45F2-9AF4-A14097A11565}.Debug|x64.ActiveCfg = Debug|x64
		{81DE57D1-C408-45F2-9AF4-A14097A11565}.Debug|x64.Build.0 = Debug|x64
		{81DE57D1-C408-45F2-9AF4-A14097A11565}.Debug|x86.ActiveCfg = Debug|Win32
		{81DE57D1-C408-45F2-9AF4-A14097A11565}.Debug|x86.Build.0 = Debug|Win32
		{81DE57D1-C408-45F2-9AF4-A14097A11565}.Release|x64.ActiveCfg = Release|x64
		{81DE57D1-C408-45F2-9AF4-A14097A11565}.Release|x64.Build.0 = Release|x64
		{81DE57D1-C408-45F2-9AF4-A14097A11565}.Release|x86.ActiveCfg = Release|Win32
		{81DE57D1-C408-45F2-9AF4-A14097A11565}.Release|x86.Build.0 = Release|Win32
		{81DE57D1-C408-45F2-9AF4-A14097A11565}.Release-MT|x64.ActiveCfg = Release-MT|x64
		{81DE57D1-C408-45F2-9AF4-A14097A11565}.Release-MT|x64.Build.0 = Release-MT|x64
		{81DE57D1-C408-45F2-9AF4-A14097A11565}.Release-MT|x86.ActiveCfg = Release-MT|Win32
		{81DE57D1-C408-45F2-9AF4-A14097A11565}.Release-MT|x86.Build.0 = Release-MT|Win32
		{F5F94DB1-51AC-4D0E-A23A-14BD7BCFC91D}.Debug|x64.ActiveCfg = Debug|x64
		{F5F94DB1-51AC-4D0E-A23A-14BD7BCFC91D}.Debug|x64.Build.0 = Debug|x64
		{F5F94DB1-51AC-4D0E-A23A-14BD7BCFC91D}.Debug|x86.ActiveCfg = Debug|Win32
		{F5F94DB1-51AC-4D0E-A23A-14BD7BCFC91D}.Debug|x86.Build.0 = Debug|Win32
		{F5F94DB1-51AC-4D0E-A23A-14BD7BCFC91D}.Release|x64.ActiveCfg = Release|x64
		{F5F94DB1-51AC-4D0E-A23A-14BD7BCFC91D}.Release|x64.Build.0 = Release|x64
		{F5F94DB1-51AC-4D0E-A23A-14BD7BCFC91D}.Release|x86.ActiveCfg = Release|Win32
		{F5F94DB1-51AC-4D0E-A23A-14BD7BCFC91D}.Release|x86.Build.0 = Release|Win32
		{F5F94DB1-51AC-4D0E-A23A-14BD7BCFC91D}.Release-MT|x64.ActiveCfg = Release-MT|x64
		{F5F94DB1-51AC-4D0E-A23A-14BD7BCFC91D}.Release-MT|x64.Build.0 = Release-MT|x64
		{F5F94DB1-51AC-4D0E-A23A-14BD7BCFC91D}.Release-MT|x86.ActiveCfg = Release-MT|Win32
		{F5F94DB1-51AC-4D0E-A23A-14BD7BCFC91D}.Release-MT|x86.Build.0 = Release-MT|Win32
		{F8D4470F-E99D-49C1-B9E0-70AD1BED338E}.Debug|x64.ActiveCfg = Debug|x64
		{F8D4470F-E99D-49C1-B9E0-70AD1BED338E}.Debug|x64.Build.0 = Debug|x64
		{F8D4470F-E99D-49C1-B9E0-70AD1BED338E}.Debug|x86.ActiveCfg = Debug|Win32
		{F8D4470F-E99D-49C1-B9E0-70AD1BED338E}.Debug|x86.Build.0 = Debug|Win32
		{F8D4470F-E99D-49C1-B9E0-70AD1BED338E}.Release|x64.ActiveCfg = Release|x64
		{F8D4470F-E99D-49C1-B9E0-70AD1BED338E}.Release|x64.Build.0 = Release|x64
		{F8D4470F-E99D-49C1-B9E0-70AD1BED338E}.Release|x86.ActiveCfg = Release|Win32
		{F8D4470F-E99D-49C1-B9E0-70AD1BED338E}.Release|x86.Build.0 = Release|Win32
		{F8D4470F-E99D-49C1-B9E0-70AD1BED338E}.Release-MT|x64.ActiveCfg = Release-MT|x64
		{F8D4470F-E99D-49C1-B9E0-70AD1BED338E}.Release-MT|x64.Build.0 = Release-MT|x64
		{F8D4470F-E99D-49C1-B9E0-70AD1BED338E}.Release-MT|x86.ActiveCfg = Release-MT|Win32
		{F8D4470F-E99D-49C1-B9E0-70AD1BED338E}.Release-MT|x86.Build.0 = Release-MT|Win32
		{FB474EFA-205B-4995-9D53-8D773AB3E816}.Debug|x64.ActiveCfg = Debug|x64
		{FB474EFA-205B-4995-9D53-8D773AB3E816}.Debug|x64.Build.0 = Debug|x64
		{FB474EFA-205B-4995-9D53-8D773AB3E816}.Debug|x86.ActiveCfg = Debug|x64
		{FB474EFA-205B-4995-9D53-8D773AB3E816}.Release|x64.ActiveCfg = Release|x64
		{FB474EFA-205B-4995-9D53-8D773AB3E816}.Release|x64.Build.0 = Release|x64
		{FB474EFA-205B-4995-9D53-8D773AB3E816}.Release|x86.ActiveCfg = Release|x64
		{FB474EFA-205B-4995-9D53-8D773AB3E816}.Release-MT|x64.ActiveCfg = Release|x64
		{FB474EFA-205B-4995-9D53-8D773AB3E816}.Release-MT|x64.Build.0 = Release|x64
		{FB474EFA-205B-4995-9D53-8D773AB3E816}.Release-MT|x86.ActiveCfg = Release|x64
		{FB474EFA-205B-4995-9D53-8D773AB3E816}.Release-MT|x86.Build.0 = Release|x64
		{8A65075A-E9A7-4D19-B5A0-05E8193023DA}.Debug|x64.ActiveCfg = Debug|x64
		{8A65075A-E9A7-4D19-B5A0-05E8193023DA}.Debug|x64.Build.0 = Debug|x64
		{8A65075A-E9A7-4D19-B5A0-05E8193023DA}.Debug|x86.ActiveCfg = Debug|Win32
		{8A65075A-E9A7-4D19-B5A0-05E8193023DA}.Debug|x86.Build.0 = Debug|Win32
		{8A65075A-E9A7-4D19-B5A0-05E8193023DA}.Release|x64.ActiveCfg = Release|x64
		{8A65075A-E9A7-4D19-B5A0-05E8193023DA}.Release|x64.Build.0 = Release|x64
		{8A65075A-E9A7-4D19-B5A0-05E8193023DA}.Release|x86.ActiveCfg = Release|Win32
		{8A65075A-E9A7-4D19-B5A0-05E8193023DA}.Release|x86.Build.0 = Release|Win32
		{8A65075A-E9A7-4D19-B5A0-05E8193023DA}.Release-MT|x64.ActiveCfg = Release-MT|x64
		{8A65075A-E9A7-4D19-B5A0-05E8193023DA}.Release-MT|x64.Build.0 = Release-MT|x64
		{8A65075A-E9A7-4D19-B5A0-05E8193023DA}.Release-MT|x86.ActiveCfg = Release-MT|Win32
		{8A65075A-E9A7-4D19-B5A0-05E8193023DA}.Release-MT|x86.Build.0 = Release-MT|Win32
		{03923BD6-DC67-49A4-BA4E-7783EB6B8A0A}.Debug|x64.ActiveCfg = Debug|x64
		{03923BD6-DC67-49A4-BA4E-7783EB6B8A0A}.Debug|x64.Build.0 = Debug|x64
		{03923BD6-DC67-49A4-BA4E-7783EB6B8A0A}.Debug|x86.ActiveCfg = Debug|Win32
		{03923BD6-DC67-49A4-BA4E-7783EB6B8A0A}.Debug|x86.Build.0 = Debug|Win32
		{03923BD6-DC67-49A4-BA4E-7783EB6B8A0A}.Release|x64.ActiveCfg = Release|x64
		{03923BD6-DC67-49A4-BA4E-7783EB6B8A0A}.Release|x64.Build.0 = Release|x64
		{03923BD6-DC67-49A4-BA4E-7783EB6B8A0A}.Release|x86.ActiveCfg = Release|Win32
		{03923BD6-DC67-49A4-BA4E-7783EB6B8A0A}.Release|x86.Build.0 = Release|Win32
		{03923BD6-DC67-49A4-BA4E-7783EB6B8A0A}.Release-MT|x64.ActiveCfg = Release-MT|x64
		{03923BD6-DC67-49A4-BA4E-7783EB6B8A0A}.Release-MT|x64.Build.0 = Release-MT|x64
		{03923BD6-DC67-49A4-BA4E-7783EB6B8A0A}.Release-MT|x86.ActiveCfg = Release-MT|Win32
		{03923BD6-DC67-49A4-BA4E-7783EB6B8A0A}.Release-MT|x86.Build.0 = Release-MT|Win32
		{A1F725C9-0D65-43E9-8CC7-791BB9FCCCAD}.Debug|x64.ActiveCfg = Debug|x64
		{A1F725C9-0D65-43E9-8CC7-791BB9FCCCAD}.Debug|x64.Build.0 = Debug|x64
		{A1F725C9-0D65-43E9-8CC7-791BB9FCCCAD}.Debug|x86.ActiveCfg = Debug|Win32
		{A1F725C9-0D65-43E9-8CC7-791BB9FCCCAD}.Debug|x86.Build.0 = Debug|Win32
		{A1F725C9-0D65-43E9-8CC7-791BB9FCCCAD}.Release|x64.ActiveCfg = Release|x64
		{A1F725C9-0D65-43E9-8CC7-791BB9FCCCAD}.Release|x64.Build.0 = Release|x64
		{A1F725C9-0D65-43E9-8CC7-791BB9FCCCAD}.Release|x86.ActiveCfg = Release|Win32
		{A1F725C9-0D65-43E9-8CC7-791BB9FCCCAD}.Release|x86.Build.0 = Release|Win32
		{A1F725C9-0D65-43E9-8CC7-791BB9FCCCAD}.Release-MT|x64.ActiveCfg = Release-MT|x64
		{A1F725C9-0D65-43E9-8CC7-791BB9FCCCAD}.Release-MT|x64.Build.0 = Release-MT|x64
		{A1F725C9-0D65-43E9-8CC7-791BB9FCCCAD}.Release-MT|x86.ActiveCfg = Release-MT|Win32
		{A1F725C9-0D65-43E9-8CC7-791BB9FCCCAD}.Release-MT|x86.Build.0 = Release-MT|Win32
		{E7B4298C-F239-469F-84BF-D6058641E800}.Debug|x64.ActiveCfg = Debug|x64
		{E7B4298C-F239-469F-84BF-D6058641E800}.Debug|x64.Build.0 = Debug|x64
		{E7B4298C-F239-469F-84BF-D6058641E800}.Debug|x86.ActiveCfg = Debug|Win32
		{E7B4298C-F239-469F-84BF-D6058641E800}.Debug|x86.Build.0 = Debug|Win32
		{E7B4298C-F239-469F-84BF-D6058641E800}.Release|x64.ActiveCfg = Release|x64
		{E7B4298C-F239-469F-84BF-D6058641E800}.Release|x64.Build.0 = Release|x64
		{E7B4298C-F239-469F-84BF-D6058641E800}.Release|x86.ActiveCfg = Release|Win32
		{E7B4298C-F239-469F-84BF-D6058641E800}.Release|x86.Build.0 = Release|Win32
		{E7B4298C-F239-469F-84BF-D6058641E800}.Release-MT|x64.ActiveCfg = Release-MT|x64
		{E7B4298C-F239-469F-84BF-D6058641E800}.Release-MT|x64.Build.0 = Release-MT|x64
		{E7B4298C-F239-469F-84BF-D6058641E800}.Release-MT|x86.ActiveCfg = Release-MT|Win32
		{E7B4298C-F239-469F-84BF-D6058641E800}.Release-MT|x86.Build.0 = Release-MT|Win32
		{2A885A8B-49F6-4044-953D-30D81B01CD5B}.Debug|x64.ActiveCfg = Debug|x64
		{2A885A8B-49F6-4044-953D-30D81B01CD5B}.Debug|x64.Build.0 = Debug|x64
		{2A885A8B-49F6-4044-953D-30D81B01CD5B}.Debug|x86.ActiveCfg = Debug|Win32
		{2A885A8B-49F6-4044-953D-30D81B01CD5B}.Debug|x86.Build.0 = Debug|Win32
		{2A885A8B-49F6-4044-953D-30D81B01CD5B}.Release|x64.ActiveCfg = Release|x64
		{2A885A8B-49F6-4044-953D-30D81B01CD5B}.Release|x64.Build.0 = Release|x64
		{2A885A8B-49F6-4044-953D-30D81B01CD5B}.Release|x86.ActiveCfg = Release|Win32
		{2A885A8B-49F6-4044-953D-30D81B01CD5B}.Release|x86.Build.0 = Release|Win32
		{2A885A8B-49F6-4044-953D-30D81B01CD5B}.Release-MT|x64.ActiveCfg = Release-MT|x64
		{2A885A8B-49F6-4044-953D-30D81B01CD5B}.Release-MT|x64.Build.0 = Release-MT|x64
		{2A885A8B-49F6-4044-953D-30D81B01CD5B}.Release-MT|x86.ActiveCfg = Release-MT|Win32
		{2A885A8B-49F6-4044-953D-30D81B01CD5B}.Release-MT|x86.Build.0 = Release-MT|Win32
		{2BFEEE25-61D3-48F8-9BB5-A75A37CD5852}.Debug|x64.ActiveCfg = Debug|x64
		{2BFEEE25-61D3-48F8-9BB5-A75A37CD5852}.Debug|x64.Build.0 = Debug|x64
		{2BFEEE25-61D3-48F8-9BB5-A75A37CD5852}.Debug|x86.ActiveCfg = Debug|Win32
		{2BFEEE25-61D3-48F8-9BB5-A75A37CD5852}.Debug|x86.Build.0 = Debug|Win32
		{2BFEEE25-61D3-48F8-9BB5-A75A37CD5852}.Release|x64.ActiveCfg = Release|x64
		{2BFEEE25-61D3-48F8-9BB5-A75A37CD5852}.Release|x64.Build.0 = Release|x64
		{2BFEEE25-61D3-48F8-9BB5-A75A37CD5852}.Release|x86.ActiveCfg = Release|Win32
		{2BFEEE25-61D3-48F8-9BB5-A75A37CD5852}.Release|x86.Build.0 = Release|Win32
		{2BFEEE25-61D3-48F8-9BB5-A75A37CD5852}.Release-MT|x64.ActiveCfg = Release-MT|x64
		{2BFEEE25-61D3-48F8-9BB5-A75A37CD5852}.Release-MT|x64.Build.0 = Release-MT|x64
		{2BFEEE25-61D3-48F8-9BB5-A75A37CD5852}.Release-MT|x86.ActiveCfg = Release-MT|Win32
		{2BFEEE25-61D3-48F8-9BB5-A75A37CD5852}.Release-MT|x86.Build.0 = Release-MT|Win32
		{7354DDAB-F965-460A-8A5C-1DD64CA1CAAD}.Debug|x64.ActiveCfg = Debug|x64
		{7354DDAB-F965-460A-8A5C-1DD64CA1CAAD}.Debug|x64.Build.0 = Debug|x64
		{7354DDAB-F965-460A-8A5C-1DD64CA1CAAD}.Debug|x86.ActiveCfg = Debug|Win32
		{7354DDAB-F965-460A-8A5C-1DD64CA1CAAD}.Debug|x86.Build.0 = Debug|Win32
		{7354DDAB-F965-460A-8A5C-1DD64CA1CAAD}.Release|x64.ActiveCfg = Release|x64
		{7354DDAB-F965-460A-8A5C-1DD64CA1CAAD}.Release|x64.Build.0 = Release|x64
		{7354DDAB-F965-460A-8A5C-1DD64CA1CAAD}.Release|x86.ActiveCfg = Release|Win32
		{7354DDAB-F965-460A-8A5C-1DD64CA1CAAD}.Release|x86.Build.0 = Release|Win32
		{7354DDAB-F965-460A-8A5C-1DD64CA1CAAD}.Release-MT|x64.ActiveCfg = Release-MT|x64
		{7354DDAB-F965-460A-8A5C-1DD64CA1CAAD}.Release-MT|x64.Build.0 = Release-MT|x64
		{7354DDAB-F965-460A-8A5C-1DD64CA1CAAD}.Release-MT|x86.ActiveCfg = Release-MT|Win32
		{7354DDAB-F965-460A-8A5C-1DD64CA1CAAD}.Release-MT|x86.Build.0 = Release-MT|Win32
	EndGlobalSection
	GlobalSection(SolutionProperties) = preSolution
		HideSolutionNode = FALSE
	EndGlobalSection
	GlobalSection(ExtensibilityGlobals) = postSolution
		SolutionGuid = {FEB27DCA-390B-42FB-AEAF-3182057898DD}
	EndGlobalSection
EndGlobal
