<?xml version="1.0" encoding="utf-8"?>
<Project ToolsVersion="4.0" xmlns="http://schemas.microsoft.com/developer/msbuild/2003">
  <ItemGroup>
    <ClCompile Include="..\SparkMult.cpp" />
    <ClCompile Include="..\..\..\Util\AEFX_SuiteHelper.c">
      <Filter>Header Files\AE</Filter>
    </ClCompile>
    <ClCompile Include="..\..\..\Util\AEGP_SuiteHandler.cpp">
      <Filter>Header Files\AE</Filter>
    </ClCompile>
    <ClCompile Include="..\..\..\Util\MissingSuiteError.cpp">
      <Filter>Header Files\AE</Filter>
    </ClCompile>
    <ClCompile Include="..\..\FsLibrary\FsGraphics.cpp">
      <Filter>Supporting code\Fs</Filter>
    </ClCompile>
    <ClCompile Include="..\..\FsLibrary\FsGraphicsBlend.cpp">
      <Filter>Supporting code\Fs</Filter>
    </ClCompile>
    <ClCompile Include="..\..\FsLibrary\FsGraphicsCircle.cpp">
      <Filter>Supporting code\Fs</Filter>
    </ClCompile>
    <ClCompile Include="..\..\FsLibrary\FsGraphicsBox.cpp">
      <Filter>Supporting code\Fs</Filter>
    </ClCompile>
    <ClCompile Include="..\..\FsLibrary\FsGraphicsLine.cpp">
      <Filter>Supporting code\Fs</Filter>
    </ClCompile>
    <ClCompile Include="..\..\FsLibrary\FsGraphicsPaint.cpp">
      <Filter>Supporting code\Fs</Filter>
    </ClCompile>
    <ClCompile Include="..\..\FsLibrary\FsMosaic.cpp">
      <Filter>Supporting code\Fs</Filter>
    </ClCompile>
    <ClCompile Include="..\..\..\Util\Smart_Utils.cpp">
      <Filter>Supporting code\AE</Filter>
    </ClCompile>
  </ItemGroup>
  <ItemGroup>
    <ClInclude Include="..\Fs_Entry.h" />
    <ClInclude Include="..\Fs_Target.h" />
    <ClInclude Include="..\SparkMult.h" />
    <ClInclude Include="..\..\..\Headers\A.h">
      <Filter>Header Files\AE</Filter>
    </ClInclude>
    <ClInclude Include="..\..\..\Headers\PT_Public.h">
      <Filter>Header Files\AE</Filter>
    </ClInclude>
    <ClInclude Include="..\..\..\Headers\AE_Effect.h">
      <Filter>Header Files\AE</Filter>
    </ClInclude>
    <ClInclude Include="..\..\..\Headers\AE_EffectCB.h">
      <Filter>Header Files\AE</Filter>
    </ClInclude>
    <ClInclude Include="..\..\..\Headers\AE_EffectCBSuites.h">
      <Filter>Header Files\AE</Filter>
    </ClInclude>
    <ClInclude Include="..\..\..\Headers\AE_EffectSuites.h">
      <Filter>Header Files\AE</Filter>
    </ClInclude>
    <ClInclude Include="..\..\..\Util\AE_EffectSuitesHelper.h">
      <Filter>Header Files\AE</Filter>
    </ClInclude>
    <ClInclude Include="..\..\..\Headers\AE_EffectUI.h">
      <Filter>Header Files\AE</Filter>
    </ClInclude>
    <ClInclude Include="..\..\..\Headers\AE_GeneralPlug.h">
      <Filter>Header Files\AE</Filter>
    </ClInclude>
    <ClInclude Include="..\..\..\Headers\AE_GeneralPlugOld.h">
      <Filter>Header Files\AE</Filter>
    </ClInclude>
    <ClInclude Include="..\..\..\Headers\AE_IO.h">
      <Filter>Header Files\AE</Filter>
    </ClInclude>
    <ClInclude Include="..\..\..\Headers\AE_Macros.h">
      <Filter>Header Files\AE</Filter>
    </ClInclude>
    <ClInclude Include="..\..\..\Util\AEFX_SuiteHelper.h">
      <Filter>Header Files\AE</Filter>
    </ClInclude>
    <ClInclude Include="..\..\..\Util\AEGP_SuiteHandler.h">
      <Filter>Header Files\AE</Filter>
    </ClInclude>
    <ClInclude Include="..\..\..\..\..\..\..\..\..\devstudio\Include\BASETSD.H">
      <Filter>Header Files\AE</Filter>
    </ClInclude>
    <ClInclude Include="..\..\..\..\..\..\..\..\..\Program Files\Microsoft Visual Studio\VC98\Include\BASETSD.H">
      <Filter>Header Files\AE</Filter>
    </ClInclude>
    <ClInclude Include="..\..\..\Util\entry.h">
      <Filter>Header Files\AE</Filter>
    </ClInclude>
    <ClInclude Include="..\..\..\Headers\FIEL_Public.h">
      <Filter>Header Files\AE</Filter>
    </ClInclude>
    <ClInclude Include="..\..\..\Util\Param_Utils.h">
      <Filter>Header Files\AE</Filter>
    </ClInclude>
    <ClInclude Include="..\..\..\Headers\PF_Masks.h">
      <Filter>Header Files\AE</Filter>
    </ClInclude>
    <ClInclude Include="..\..\..\Headers\PR_Public.h">
      <Filter>Header Files\AE</Filter>
    </ClInclude>
    <ClInclude Include="..\..\..\Headers\PrSDKAESupport.h">
      <Filter>Header Files\AE</Filter>
    </ClInclude>
    <ClInclude Include="..\..\..\Headers\PrSDKAEUI.h">
      <Filter>Header Files\AE</Filter>
    </ClInclude>
    <ClInclude Include="..\..\..\Headers\PrSDKPixelFormat.h">
      <Filter>Header Files\AE</Filter>
    </ClInclude>
    <ClInclude Include="..\..\FsLibrary\FsAE.h">
      <Filter>Header Files\Fs</Filter>
    </ClInclude>
    <ClInclude Include="..\..\FsLibrary\FsGraphics.h">
      <Filter>Header Files\Fs</Filter>
    </ClInclude>
    <ClInclude Include="..\..\FsLibrary\FsHLS.h">
      <Filter>Header Files\Fs</Filter>
    </ClInclude>
    <ClInclude Include="..\..\FsLibrary\FsRandom.h">
      <Filter>Header Files\Fs</Filter>
    </ClInclude>
    <ClInclude Include="..\..\FsLibrary\FsUtils.h">
      <Filter>Header Files\Fs</Filter>
    </ClInclude>
    <ClInclude Include="..\..\..\Util\Smart_Utils.h">
      <Filter>Header Files\AE</Filter>
    </ClInclude>
    <ClInclude Include="..\..\..\Util\String_Utils.h">
      <Filter>Header Files\AE</Filter>
    </ClInclude>
    <ClInclude Include="..\..\FsLibrary\FsScreenShake.h">
      <Filter>Header Files\Fs</Filter>
    </ClInclude>
    <ClInclude Include="..\..\FsLibrary\Fs.h">
      <Filter>Header Files\Fs</Filter>
    </ClInclude>
    <ClInclude Include="..\..\Spark\CLineDraw.h" />
    <ClInclude Include="..\..\Spark\CPointInfo.h" />
  </ItemGroup>
  <ItemGroup>
    <Filter Include="Header Files">
      <UniqueIdentifier>{62b30663-a604-4f83-ab08-fc546ca83e26}</UniqueIdentifier>
    </Filter>
    <Filter Include="Supporting code">
      <UniqueIdentifier>{97a33a8f-841c-4916-b72f-891672b4d5dd}</UniqueIdentifier>
    </Filter>
    <Filter Include="Header Files\AE">
      <UniqueIdentifier>{e75a429c-b468-401c-a144-02b796f82d80}</UniqueIdentifier>
    </Filter>
    <Filter Include="Header Files\Fs">
      <UniqueIdentifier>{f4264efa-698d-4b8c-a8d0-7f3eb2c78dc2}</UniqueIdentifier>
    </Filter>
    <Filter Include="Resource Files">
      <UniqueIdentifier>{cdb81c98-3ca7-42a6-b749-d1e93ee74c94}</UniqueIdentifier>
    </Filter>
    <Filter Include="Supporting code\Fs">
      <UniqueIdentifier>{4babb3c8-c35c-49fc-9bfb-046ca0452f9c}</UniqueIdentifier>
    </Filter>
    <Filter Include="Supporting code\AE">
      <UniqueIdentifier>{166bc5a9-489e-439e-bb26-0bb9a8f258df}</UniqueIdentifier>
    </Filter>
  </ItemGroup>
  <ItemGroup>
    <CustomBuild Include="..\SparkMultPiPL.r">
      <Filter>Resource Files</Filter>
    </CustomBuild>
  </ItemGroup>
  <ItemGroup>
    <ResourceCompile Include="SparkMultPiPL.rc">
      <Filter>Resource Files</Filter>
    </ResourceCompile>
  </ItemGroup>
</Project>