<?xml version="1.0" encoding="utf-8"?>
<Project ToolsVersion="4.0" xmlns="http://schemas.microsoft.com/developer/msbuild/2003">
  <ItemGroup>
    <Filter Include="Header Files">
      <UniqueIdentifier>{1d90c58e-4c93-46b3-9689-2ed8ef9571c4}</UniqueIdentifier>
      <Extensions>h;hpp;hxx;hm;inl;fi;fd</Extensions>
    </Filter>
    <Filter Include="Header Files\Windows">
      <UniqueIdentifier>{4a40ef30-13aa-46ac-8b3a-a20d339be1fe}</UniqueIdentifier>
    </Filter>
    <Filter Include="Resource Files">
      <UniqueIdentifier>{b21d68d2-1ac8-4361-badc-102dd11cf6af}</UniqueIdentifier>
      <Extensions>ico;cur;bmp;dlg;rc2;rct;bin;cnt;rtf;gif;jpg;jpeg;jpe</Extensions>
    </Filter>
    <Filter Include="Supporting code">
      <UniqueIdentifier>{62079a67-b9ce-4dae-bf52-0eca31e18dae}</UniqueIdentifier>
    </Filter>
    <Filter Include="Header Files\AE">
      <UniqueIdentifier>{947091a1-1a42-418a-bc8c-1e97366a2853}</UniqueIdentifier>
    </Filter>
    <Filter Include="Header Files\Fs">
      <UniqueIdentifier>{25d217cb-2ce3-49dd-8fea-bd49c1fa00cc}</UniqueIdentifier>
    </Filter>
    <Filter Include="Supporting code\AE">
      <UniqueIdentifier>{2bbd0d8d-23d4-44e5-a5f0-eceda217e873}</UniqueIdentifier>
    </Filter>
    <Filter Include="Supporting code\Fs">
      <UniqueIdentifier>{914b17dd-e1b2-4ffb-aa5c-d974ebbdb3e9}</UniqueIdentifier>
    </Filter>
  </ItemGroup>
  <ItemGroup>
    <ClInclude Include="..\Fs_Target.h">
      <Filter>Header Files</Filter>
    </ClInclude>
    <ClInclude Include="..\RGBAControl.h">
      <Filter>Header Files</Filter>
    </ClInclude>
    <ClInclude Include="..\..\..\..\..\..\..\..\..\Program Files\Microsoft Visual Studio\VC98\Include\BASETSD.H">
      <Filter>Header Files\Windows</Filter>
    </ClInclude>
    <ClInclude Include="..\..\..\..\..\..\..\..\..\devstudio\Include\BASETSD.H">
      <Filter>Header Files\Windows</Filter>
    </ClInclude>
    <ClInclude Include="..\..\..\Headers\A.h">
      <Filter>Header Files\AE</Filter>
    </ClInclude>
    <ClInclude Include="..\..\..\Headers\AE_Effect.h">
      <Filter>Header Files\AE</Filter>
    </ClInclude>
    <ClInclude Include="..\..\..\Headers\AE_EffectCB.h">
      <Filter>Header Files\AE</Filter>
    </ClInclude>
    <ClInclude Include="..\..\..\Headers\AE_EffectCBSuites.h">
      <Filter>Header Files\AE</Filter>
    </ClInclude>
    <ClInclude Include="..\..\..\Headers\AE_EffectSuites.h">
      <Filter>Header Files\AE</Filter>
    </ClInclude>
    <ClInclude Include="..\..\..\Util\AE_EffectSuitesHelper.h">
      <Filter>Header Files\AE</Filter>
    </ClInclude>
    <ClInclude Include="..\..\..\Headers\AE_EffectUI.h">
      <Filter>Header Files\AE</Filter>
    </ClInclude>
    <ClInclude Include="..\..\..\Headers\AE_GeneralPlug.h">
      <Filter>Header Files\AE</Filter>
    </ClInclude>
    <ClInclude Include="..\..\..\Headers\AE_GeneralPlugOld.h">
      <Filter>Header Files\AE</Filter>
    </ClInclude>
    <ClInclude Include="..\..\..\Headers\AE_IO.h">
      <Filter>Header Files\AE</Filter>
    </ClInclude>
    <ClInclude Include="..\..\..\Headers\AE_Macros.h">
      <Filter>Header Files\AE</Filter>
    </ClInclude>
    <ClInclude Include="..\..\..\Util\AEGP_SuiteHandler.h">
      <Filter>Header Files\AE</Filter>
    </ClInclude>
    <ClInclude Include="..\..\..\Util\entry.h">
      <Filter>Header Files\AE</Filter>
    </ClInclude>
    <ClInclude Include="..\..\..\Headers\FIEL_Public.h">
      <Filter>Header Files\AE</Filter>
    </ClInclude>
    <ClInclude Include="..\..\..\Util\Param_Utils.h">
      <Filter>Header Files\AE</Filter>
    </ClInclude>
    <ClInclude Include="..\..\..\Headers\PF_Masks.h">
      <Filter>Header Files\AE</Filter>
    </ClInclude>
    <ClInclude Include="..\..\..\Headers\PR_Public.h">
      <Filter>Header Files\AE</Filter>
    </ClInclude>
    <ClInclude Include="..\..\..\Headers\PrSDKAESupport.h">
      <Filter>Header Files\AE</Filter>
    </ClInclude>
    <ClInclude Include="..\..\..\Headers\PrSDKAEUI.h">
      <Filter>Header Files\AE</Filter>
    </ClInclude>
    <ClInclude Include="..\..\..\Headers\PrSDKPixelFormat.h">
      <Filter>Header Files\AE</Filter>
    </ClInclude>
    <ClInclude Include="..\..\..\Headers\PT_Public.h">
      <Filter>Header Files\AE</Filter>
    </ClInclude>
    <ClInclude Include="..\..\..\Util\Smart_Utils.h">
      <Filter>Header Files\AE</Filter>
    </ClInclude>
    <ClInclude Include="..\..\..\Util\String_Utils.h">
      <Filter>Header Files\AE</Filter>
    </ClInclude>
    <ClInclude Include="..\..\..\Util\AEFX_SuiteHelper.h">
      <Filter>Header Files\AE</Filter>
    </ClInclude>
    <ClInclude Include="..\..\FsLibrary\FsAE.h">
      <Filter>Header Files\Fs</Filter>
    </ClInclude>
    <ClInclude Include="..\..\FsLibrary\FsUtils.h">
      <Filter>Header Files\Fs</Filter>
    </ClInclude>
    <ClInclude Include="..\..\FsLibrary\FsGraphics.h">
      <Filter>Header Files\Fs</Filter>
    </ClInclude>
  </ItemGroup>
  <ItemGroup>
    <ResourceCompile Include="RGBAControlPiPL.rc">
      <Filter>Resource Files</Filter>
    </ResourceCompile>
  </ItemGroup>
  <ItemGroup>
    <ClCompile Include="..\RGBAControl.cpp" />
    <ClCompile Include="..\..\..\Util\AEFX_SuiteHelper.c">
      <Filter>Supporting code\AE</Filter>
    </ClCompile>
    <ClCompile Include="..\..\..\Util\AEGP_SuiteHandler.cpp">
      <Filter>Supporting code\AE</Filter>
    </ClCompile>
    <ClCompile Include="..\..\..\Util\Smart_Utils.cpp">
      <Filter>Supporting code\AE</Filter>
    </ClCompile>
    <ClCompile Include="..\..\..\Util\MissingSuiteError.cpp">
      <Filter>Supporting code\AE</Filter>
    </ClCompile>
    <ClCompile Include="..\..\FsLibrary\FsGraphics.cpp">
      <Filter>Supporting code\Fs</Filter>
    </ClCompile>
  </ItemGroup>
  <ItemGroup>
    <CustomBuild Include="..\RGBAControlPiPL.r">
      <Filter>Resource Files</Filter>
    </CustomBuild>
  </ItemGroup>
</Project>