<?xml version="1.0" encoding="utf-8"?>
<Project ToolsVersion="4.0" xmlns="http://schemas.microsoft.com/developer/msbuild/2003">
  <ItemGroup>
    <Filter Include="Header Files">
      <UniqueIdentifier>{da76cd22-a38c-4434-b7d9-7c6bdbd434c6}</UniqueIdentifier>
      <Extensions>h;hpp;hxx;hm;inl;fi;fd</Extensions>
    </Filter>
    <Filter Include="Header Files\Windows">
      <UniqueIdentifier>{50c2c59e-dbe2-4595-8c01-82942e757ba5}</UniqueIdentifier>
    </Filter>
    <Filter Include="Resource Files">
      <UniqueIdentifier>{df57aeb4-f50a-442d-9c60-8a3e1eb3c28a}</UniqueIdentifier>
      <Extensions>ico;cur;bmp;dlg;rc2;rct;bin;cnt;rtf;gif;jpg;jpeg;jpe</Extensions>
    </Filter>
    <Filter Include="Supporting code">
      <UniqueIdentifier>{025af61e-e91f-40ba-a411-e9b69a16dcd1}</UniqueIdentifier>
    </Filter>
    <Filter Include="Header Files\AE">
      <UniqueIdentifier>{337669c2-2416-4347-bc8b-d17740eed056}</UniqueIdentifier>
    </Filter>
    <Filter Include="Header Files\Fs">
      <UniqueIdentifier>{4ec60c15-6778-4770-b348-c5c42068b852}</UniqueIdentifier>
    </Filter>
    <Filter Include="Supporting code\AE">
      <UniqueIdentifier>{1d1a6c40-4c84-4a01-888d-81ce0e656dae}</UniqueIdentifier>
    </Filter>
    <Filter Include="Supporting code\Fs">
      <UniqueIdentifier>{87bb0f8c-2d07-456c-8c94-4733c6793995}</UniqueIdentifier>
    </Filter>
  </ItemGroup>
  <ItemGroup>
    <ClInclude Include="..\Fs_Target.h">
      <Filter>Header Files</Filter>
    </ClInclude>
    <ClInclude Include="..\PixelReplace.h">
      <Filter>Header Files</Filter>
    </ClInclude>
    <ClInclude Include="..\PixelReplace_def.h">
      <Filter>Header Files</Filter>
    </ClInclude>
    <ClInclude Include="..\..\..\..\..\..\..\..\..\Program Files\Microsoft Visual Studio\VC98\Include\BASETSD.H">
      <Filter>Header Files\Windows</Filter>
    </ClInclude>
    <ClInclude Include="..\..\..\..\..\..\..\..\..\devstudio\Include\BASETSD.H">
      <Filter>Header Files\Windows</Filter>
    </ClInclude>
    <ClInclude Include="..\..\..\Headers\A.h">
      <Filter>Header Files\AE</Filter>
    </ClInclude>
    <ClInclude Include="..\..\..\Headers\AE_Effect.h">
      <Filter>Header Files\AE</Filter>
    </ClInclude>
    <ClInclude Include="..\..\..\Headers\AE_EffectCB.h">
      <Filter>Header Files\AE</Filter>
    </ClInclude>
    <ClInclude Include="..\..\..\Headers\AE_EffectCBSuites.h">
      <Filter>Header Files\AE</Filter>
    </ClInclude>
    <ClInclude Include="..\..\..\Headers\AE_EffectSuites.h">
      <Filter>Header Files\AE</Filter>
    </ClInclude>
    <ClInclude Include="..\..\..\Util\AE_EffectSuitesHelper.h">
      <Filter>Header Files\AE</Filter>
    </ClInclude>
    <ClInclude Include="..\..\..\Headers\AE_EffectUI.h">
      <Filter>Header Files\AE</Filter>
    </ClInclude>
    <ClInclude Include="..\..\..\Headers\AE_GeneralPlug.h">
      <Filter>Header Files\AE</Filter>
    </ClInclude>
    <ClInclude Include="..\..\..\Headers\AE_GeneralPlugOld.h">
      <Filter>Header Files\AE</Filter>
    </ClInclude>
    <ClInclude Include="..\..\..\Headers\AE_IO.h">
      <Filter>Header Files\AE</Filter>
    </ClInclude>
    <ClInclude Include="..\..\..\Headers\AE_Macros.h">
      <Filter>Header Files\AE</Filter>
    </ClInclude>
    <ClInclude Include="..\..\..\Util\AEGP_SuiteHandler.h">
      <Filter>Header Files\AE</Filter>
    </ClInclude>
    <ClInclude Include="..\..\..\Util\entry.h">
      <Filter>Header Files\AE</Filter>
    </ClInclude>
    <ClInclude Include="..\..\..\Headers\FIEL_Public.h">
      <Filter>Header Files\AE</Filter>
    </ClInclude>
    <ClInclude Include="..\..\..\Util\Param_Utils.h">
      <Filter>Header Files\AE</Filter>
    </ClInclude>
    <ClInclude Include="..\..\..\Headers\PF_Masks.h">
      <Filter>Header Files\AE</Filter>
    </ClInclude>
    <ClInclude Include="..\..\..\Headers\PR_Public.h">
      <Filter>Header Files\AE</Filter>
    </ClInclude>
    <ClInclude Include="..\..\..\Headers\PrSDKAESupport.h">
      <Filter>Header Files\AE</Filter>
    </ClInclude>
    <ClInclude Include="..\..\..\Headers\PrSDKAEUI.h">
      <Filter>Header Files\AE</Filter>
    </ClInclude>
    <ClInclude Include="..\..\..\Headers\PrSDKPixelFormat.h">
      <Filter>Header Files\AE</Filter>
    </ClInclude>
    <ClInclude Include="..\..\..\Headers\PT_Public.h">
      <Filter>Header Files\AE</Filter>
    </ClInclude>
    <ClInclude Include="..\..\..\Util\AEFX_SuiteHelper.h">
      <Filter>Header Files\AE</Filter>
    </ClInclude>
    <ClInclude Include="..\..\..\Util\Smart_Utils.h">
      <Filter>Header Files\AE</Filter>
    </ClInclude>
    <ClInclude Include="..\..\..\Util\String_Utils.h">
      <Filter>Header Files\AE</Filter>
    </ClInclude>
    <ClInclude Include="..\..\FsLibrary\FsAE.h">
      <Filter>Header Files\Fs</Filter>
    </ClInclude>
    <ClInclude Include="..\..\FsLibrary\FsUtils.h">
      <Filter>Header Files\Fs</Filter>
    </ClInclude>
    <ClInclude Include="..\..\FsLibrary\FsGraphics.h">
      <Filter>Header Files\Fs</Filter>
    </ClInclude>
  </ItemGroup>
  <ItemGroup>
    <ResourceCompile Include="PixelReplacePiPL.rc">
      <Filter>Resource Files</Filter>
    </ResourceCompile>
  </ItemGroup>
  <ItemGroup>
    <ClCompile Include="..\PixelReplace.cpp" />
    <ClCompile Include="..\..\..\Util\AEFX_SuiteHelper.c">
      <Filter>Supporting code\AE</Filter>
    </ClCompile>
    <ClCompile Include="..\..\..\Util\AEGP_SuiteHandler.cpp">
      <Filter>Supporting code\AE</Filter>
    </ClCompile>
    <ClCompile Include="..\..\..\Util\Smart_Utils.cpp">
      <Filter>Supporting code\AE</Filter>
    </ClCompile>
    <ClCompile Include="..\..\..\Util\MissingSuiteError.cpp">
      <Filter>Supporting code\AE</Filter>
    </ClCompile>
    <ClCompile Include="..\..\FsLibrary\FsGraphics.cpp">
      <Filter>Supporting code\Fs</Filter>
    </ClCompile>
  </ItemGroup>
  <ItemGroup>
    <CustomBuild Include="..\PixelReplacePiPL.r">
      <Filter>Resource Files</Filter>
    </CustomBuild>
  </ItemGroup>
</Project>