
Microsoft Visual Studio Solution File, Format Version 12.00
# Visual Studio Version 17
VisualStudioVersion = 17.14.36908.2 d17.14
MinimumVisualStudioVersion = 10.0.40219.1
Project("{FAE04EC0-301F-11D3-BF4B-00C04F79EFBC}") = "TTF2Cpp", "TTF2Cpp.csproj", "{E29D4334-D761-5FD2-6B69-7F64B57503E6}"
EndProject
Global
	GlobalSection(SolutionConfigurationPlatforms) = preSolution
		Debug|Any CPU = Debug|Any CPU
		Release|Any CPU = Release|Any CPU
	EndGlobalSection
	GlobalSection(ProjectConfigurationPlatforms) = postSolution
		{E29D4334-D761-5FD2-6B69-7F64B57503E6}.Debug|Any CPU.ActiveCfg = Debug|Any CPU
		{E29D4334-D761-5FD2-6B69-7F64B57503E6}.Debug|Any CPU.Build.0 = Debug|Any CPU
		{E29D4334-D761-5FD2-6B69-7F64B57503E6}.Release|Any CPU.ActiveCfg = Release|Any CPU
		{E29D4334-D761-5FD2-6B69-7F64B57503E6}.Release|Any CPU.Build.0 = Release|Any CPU
	EndGlobalSection
	GlobalSection(SolutionProperties) = preSolution
		HideSolutionNode = FALSE
	EndGlobalSection
	GlobalSection(ExtensibilityGlobals) = postSolution
		SolutionGuid = {A41E5755-9FC8-4EED-86A3-B5F611F84592}
	EndGlobalSection
EndGlobal
